
Microsoft Visual Studio Solution File, Format Version 10.00
# Visual Studio 2008
Project("{8BC9CEB8-8B4A-11D0-8D11-00A0C91BC942}") = "Server", "Server\Server.vcproj", "{BD9630F6-88ED-45F0-94FB-C6E1F22F5A8F}"
EndProject
Project("{8BC9CEB8-8B4A-11D0-8D11-00A0C91BC942}") = "Client", "Client\Client.vcproj", "{9723A620-F27B-441E-968F-1C75D77E0D07}"
EndProject
Project("{8BC9CEB8-8B4A-11D0-8D11-00A0C91BC942}") = "ServerOne", "ServerOne\ServerOne.vcproj", "{2B25CD8A-67CC-45AE-ADFD-B9995EAC8E55}"
EndProject
Project("{8BC9CEB8-8B4A-11D0-8D11-00A0C91BC942}") = "ClientOne", "ClientOne\ClientOne.vcproj", "{3BF504B5-26EE-4E2C-B78D-FD180F20BE0C}"
EndProject
Project("{8BC9CEB8-8B4A-11D0-8D11-00A0C91BC942}") = "NPClient", "NPClient\NPClient.vcproj", "{7F499572-F029-4075-9F8C-A26286A8E041}"
EndProject
Project("{8BC9CEB8-8B4A-11D0-8D11-00A0C91BC942}") = "NPServer", "NPServer\NPServer.vcproj", "{4AD78E34-E5C0-490A-961F-AC95031D07AC}"
EndProject
Project("{8BC9CEB8-8B4A-11D0-8D11-00A0C91BC942}") = "MSClient", "MSClient\MSClient.vcproj", "{09D36A68-2958-4440-8034-3478EEE272F6}"
EndProject
Project("{8BC9CEB8-8B4A-11D0-8D11-00A0C91BC942}") = "MSServer", "MSServer\MSServer.vcproj", "{F2EFA3CF-7666-4348-AD6D-55336235FE3D}"
EndProject
Project("{8BC9CEB8-8B4A-11D0-8D11-00A0C91BC942}") = "SocketIPC", "SocketIPC\SocketIPC.vcproj", "{536FDF12-CE50-46A4-8292-AEB758B64D8F}"
EndProject
Project("{8BC9CEB8-8B4A-11D0-8D11-00A0C91BC942}") = "TestSocketIPCClient", "TestSocketIPCClient\TestSocketIPCClient.vcproj", "{49AB6405-73AE-4E13-AF42-2232C8D59A36}"
EndProject
Project("{8BC9CEB8-8B4A-11D0-8D11-00A0C91BC942}") = "TestSocketIPCServer", "TestSocketIPCServer\TestSocketIPCServer.vcproj", "{FA5FD811-3E5B-458B-A72C-2FFB26048545}"
EndProject
Global
	GlobalSection(SolutionConfigurationPlatforms) = preSolution
		Debug|Win32 = Debug|Win32
		Release|Win32 = Release|Win32
	EndGlobalSection
	GlobalSection(ProjectConfigurationPlatforms) = postSolution
		{BD9630F6-88ED-45F0-94FB-C6E1F22F5A8F}.Debug|Win32.ActiveCfg = Debug|Win32
		{BD9630F6-88ED-45F0-94FB-C6E1F22F5A8F}.Debug|Win32.Build.0 = Debug|Win32
		{BD9630F6-88ED-45F0-94FB-C6E1F22F5A8F}.Release|Win32.ActiveCfg = Release|Win32
		{BD9630F6-88ED-45F0-94FB-C6E1F22F5A8F}.Release|Win32.Build.0 = Release|Win32
		{9723A620-F27B-441E-968F-1C75D77E0D07}.Debug|Win32.ActiveCfg = Debug|Win32
		{9723A620-F27B-441E-968F-1C75D77E0D07}.Debug|Win32.Build.0 = Debug|Win32
		{9723A620-F27B-441E-968F-1C75D77E0D07}.Release|Win32.ActiveCfg = Release|Win32
		{9723A620-F27B-441E-968F-1C75D77E0D07}.Release|Win32.Build.0 = Release|Win32
		{2B25CD8A-67CC-45AE-ADFD-B9995EAC8E55}.Debug|Win32.ActiveCfg = Debug|Win32
		{2B25CD8A-67CC-45AE-ADFD-B9995EAC8E55}.Debug|Win32.Build.0 = Debug|Win32
		{2B25CD8A-67CC-45AE-ADFD-B9995EAC8E55}.Release|Win32.ActiveCfg = Release|Win32
		{2B25CD8A-67CC-45AE-ADFD-B9995EAC8E55}.Release|Win32.Build.0 = Release|Win32
		{3BF504B5-26EE-4E2C-B78D-FD180F20BE0C}.Debug|Win32.ActiveCfg = Debug|Win32
		{3BF504B5-26EE-4E2C-B78D-FD180F20BE0C}.Debug|Win32.Build.0 = Debug|Win32
		{3BF504B5-26EE-4E2C-B78D-FD180F20BE0C}.Release|Win32.ActiveCfg = Release|Win32
		{3BF504B5-26EE-4E2C-B78D-FD180F20BE0C}.Release|Win32.Build.0 = Release|Win32
		{7F499572-F029-4075-9F8C-A26286A8E041}.Debug|Win32.ActiveCfg = Debug|Win32
		{7F499572-F029-4075-9F8C-A26286A8E041}.Debug|Win32.Build.0 = Debug|Win32
		{7F499572-F029-4075-9F8C-A26286A8E041}.Release|Win32.ActiveCfg = Release|Win32
		{7F499572-F029-4075-9F8C-A26286A8E041}.Release|Win32.Build.0 = Release|Win32
		{4AD78E34-E5C0-490A-961F-AC95031D07AC}.Debug|Win32.ActiveCfg = Debug|Win32
		{4AD78E34-E5C0-490A-961F-AC95031D07AC}.Debug|Win32.Build.0 = Debug|Win32
		{4AD78E34-E5C0-490A-961F-AC95031D07AC}.Release|Win32.ActiveCfg = Release|Win32
		{4AD78E34-E5C0-490A-961F-AC95031D07AC}.Release|Win32.Build.0 = Release|Win32
		{09D36A68-2958-4440-8034-3478EEE272F6}.Debug|Win32.ActiveCfg = Debug|Win32
		{09D36A68-2958-4440-8034-3478EEE272F6}.Debug|Win32.Build.0 = Debug|Win32
		{09D36A68-2958-4440-8034-3478EEE272F6}.Release|Win32.ActiveCfg = Release|Win32
		{09D36A68-2958-4440-8034-3478EEE272F6}.Release|Win32.Build.0 = Release|Win32
		{F2EFA3CF-7666-4348-AD6D-55336235FE3D}.Debug|Win32.ActiveCfg = Debug|Win32
		{F2EFA3CF-7666-4348-AD6D-55336235FE3D}.Debug|Win32.Build.0 = Debug|Win32
		{F2EFA3CF-7666-4348-AD6D-55336235FE3D}.Release|Win32.ActiveCfg = Release|Win32
		{F2EFA3CF-7666-4348-AD6D-55336235FE3D}.Release|Win32.Build.0 = Release|Win32
		{536FDF12-CE50-46A4-8292-AEB758B64D8F}.Debug|Win32.ActiveCfg = Debug|Win32
		{536FDF12-CE50-46A4-8292-AEB758B64D8F}.Debug|Win32.Build.0 = Debug|Win32
		{536FDF12-CE50-46A4-8292-AEB758B64D8F}.Release|Win32.ActiveCfg = Release|Win32
		{536FDF12-CE50-46A4-8292-AEB758B64D8F}.Release|Win32.Build.0 = Release|Win32
		{49AB6405-73AE-4E13-AF42-2232C8D59A36}.Debug|Win32.ActiveCfg = Debug|Win32
		{49AB6405-73AE-4E13-AF42-2232C8D59A36}.Debug|Win32.Build.0 = Debug|Win32
		{49AB6405-73AE-4E13-AF42-2232C8D59A36}.Release|Win32.ActiveCfg = Release|Win32
		{49AB6405-73AE-4E13-AF42-2232C8D59A36}.Release|Win32.Build.0 = Release|Win32
		{FA5FD811-3E5B-458B-A72C-2FFB26048545}.Debug|Win32.ActiveCfg = Debug|Win32
		{FA5FD811-3E5B-458B-A72C-2FFB26048545}.Debug|Win32.Build.0 = Debug|Win32
		{FA5FD811-3E5B-458B-A72C-2FFB26048545}.Release|Win32.ActiveCfg = Release|Win32
		{FA5FD811-3E5B-458B-A72C-2FFB26048545}.Release|Win32.Build.0 = Release|Win32
	EndGlobalSection
	GlobalSection(SolutionProperties) = preSolution
		HideSolutionNode = FALSE
	EndGlobalSection
EndGlobal
