
Microsoft Visual Studio Solution File, Format Version 12.00
# Visual Studio 2012
Project("{8BC9CEB8-8B4A-11D0-8D11-00A0C91BC942}") = "ServerOne", "ServerOne\ServerOne.vcxproj", "{DB5F9878-1621-45BE-9F20-379278CA9109}"
EndProject
Project("{8BC9CEB8-8B4A-11D0-8D11-00A0C91BC942}") = "ClientOne", "ClientOne\ClientOne.vcxproj", "{56DDFBBD-E8E5-413E-8DDD-CF5DC3660E3E}"
EndProject
Project("{8BC9CEB8-8B4A-11D0-8D11-00A0C91BC942}") = "ServerTwo", "ServerTwo\ServerTwo.vcxproj", "{F18728F7-CE0E-4581-B399-F81FF06B3510}"
EndProject
Project("{8BC9CEB8-8B4A-11D0-8D11-00A0C91BC942}") = "ClientTwo", "ClientTwo\ClientTwo.vcxproj", "{A04CDD3F-98D3-44A4-B31B-1618C42855A7}"
EndProject
Project("{8BC9CEB8-8B4A-11D0-8D11-00A0C91BC942}") = "ServerThree", "ServerThree\ServerThree.vcxproj", "{2FFFF247-E88D-49ED-A7F9-C9F2747D15F9}"
EndProject
Project("{8BC9CEB8-8B4A-11D0-8D11-00A0C91BC942}") = "ClientThree", "ClientThree\ClientThree.vcxproj", "{9091E63D-5B59-40D2-9D17-1DE684F8F1DA}"
EndProject
Project("{8BC9CEB8-8B4A-11D0-8D11-00A0C91BC942}") = "ServerFour", "ServerFour\ServerFour.vcxproj", "{3DF8DB3C-D6E5-47BA-9F80-56518D99C301}"
EndProject
Project("{8BC9CEB8-8B4A-11D0-8D11-00A0C91BC942}") = "ClientFour", "ClientFour\ClientFour.vcxproj", "{11F30243-15CB-4AFD-83C4-7CC17B6E6647}"
EndProject
Project("{2150E333-8FDC-42A3-9474-1A3956D46DE8}") = "blocking mode", "blocking mode", "{9F513B87-3B7D-4ED3-8476-C3647E2D0EE0}"
EndProject
Project("{8BC9CEB8-8B4A-11D0-8D11-00A0C91BC942}") = "Server", "Server\Server.vcxproj", "{81EE05C1-B1DC-4E1B-BD0A-A733056387B8}"
EndProject
Project("{8BC9CEB8-8B4A-11D0-8D11-00A0C91BC942}") = "Client", "Client\Client.vcxproj", "{8339F125-3299-482A-8168-A854C1A4CD2B}"
EndProject
Project("{2150E333-8FDC-42A3-9474-1A3956D46DE8}") = "nonblocking mode", "nonblocking mode", "{D1DD3E26-B368-4CA1-9125-70D45ED29C8B}"
EndProject
Project("{8BC9CEB8-8B4A-11D0-8D11-00A0C91BC942}") = "NBServer", "NBServer\NBServer.vcxproj", "{59D78A14-29DB-4AFB-AE90-C2F26D734D53}"
EndProject
Project("{8BC9CEB8-8B4A-11D0-8D11-00A0C91BC942}") = "NBClient", "NBClient\NBClient.vcxproj", "{41A4D932-A6FE-406C-9D2E-FBDAD68B807D}"
EndProject
Project("{2150E333-8FDC-42A3-9474-1A3956D46DE8}") = "select", "select", "{E7027625-D557-4A87-B1F7-25D208B9FB10}"
EndProject
Project("{8BC9CEB8-8B4A-11D0-8D11-00A0C91BC942}") = "SServer", "SServer\SServer.vcxproj", "{4E2AFB8B-8FFB-445C-8AC1-DC33AC7BFB09}"
EndProject
Project("{8BC9CEB8-8B4A-11D0-8D11-00A0C91BC942}") = "SClient", "SClient\SClient.vcxproj", "{DB015B05-6573-47B1-B84B-76516A7F0F1C}"
EndProject
Project("{2150E333-8FDC-42A3-9474-1A3956D46DE8}") = "WSAAsyncSelect", "WSAAsyncSelect", "{1FE9C696-7AFA-4957-82EB-13C6056D5D09}"
EndProject
Project("{8BC9CEB8-8B4A-11D0-8D11-00A0C91BC942}") = "WSAAsyncSelectServer", "WSAAsyncSelectServer\WSAAsyncSelectServer.vcxproj", "{46BF174E-BA50-405D-AD86-9CA5B5C347B4}"
EndProject
Project("{8BC9CEB8-8B4A-11D0-8D11-00A0C91BC942}") = "WSAAsyncSelect", "WSAAsyncSelect\WSAAsyncSelect.vcxproj", "{54B3FB99-076D-43B4-A449-519FE458682B}"
EndProject
Project("{8BC9CEB8-8B4A-11D0-8D11-00A0C91BC942}") = "WSAAsyncClientOne", "WSAAsyncClientOne\WSAAsyncClientOne.vcxproj", "{3E9F1591-39DF-4F24-A0F4-DB24BC80692A}"
EndProject
Project("{2150E333-8FDC-42A3-9474-1A3956D46DE8}") = "WSAEventSelect", "WSAEventSelect", "{4A7E53B8-5677-499F-9E61-7319F4B0E829}"
EndProject
Project("{8BC9CEB8-8B4A-11D0-8D11-00A0C91BC942}") = "WSAEventSelect", "WSAEventSelect\WSAEventSelect.vcxproj", "{EE6DE947-AD9C-4BA7-80A8-351E0A6FB110}"
EndProject
Project("{8BC9CEB8-8B4A-11D0-8D11-00A0C91BC942}") = "WSAEventSelectClientOne", "WSAEventSelectClientOne\WSAEventSelectClientOne.vcxproj", "{77A6FA06-5164-43F3-A150-6E941424DF1D}"
EndProject
Project("{2150E333-8FDC-42A3-9474-1A3956D46DE8}") = "overlapio", "overlapio", "{559F67CA-5511-4E52-831C-DDB26EFF7FEE}"
EndProject
Project("{8BC9CEB8-8B4A-11D0-8D11-00A0C91BC942}") = "EventServer", "EventServer\EventServer.vcxproj", "{BE001FCE-3EB8-4247-8C8C-E3B23949C073}"
EndProject
Project("{8BC9CEB8-8B4A-11D0-8D11-00A0C91BC942}") = "CompletionRoutine", "CompletionRoutine\CompletionRoutine.vcxproj", "{7F462A76-FA5A-4CC6-8CFD-085A0227E05E}"
EndProject
Project("{2150E333-8FDC-42A3-9474-1A3956D46DE8}") = "iocp", "iocp", "{737E5809-A2FD-4961-8619-BB4BF2F3B940}"
EndProject
Project("{8BC9CEB8-8B4A-11D0-8D11-00A0C91BC942}") = "IOCPServer", "IOCPServer\IOCPServer.vcxproj", "{FE6062B6-F39E-46E7-B161-CCF36B073012}"
EndProject
Global
	GlobalSection(SolutionConfigurationPlatforms) = preSolution
		Debug|Win32 = Debug|Win32
		Release|Win32 = Release|Win32
	EndGlobalSection
	GlobalSection(ProjectConfigurationPlatforms) = postSolution
		{DB5F9878-1621-45BE-9F20-379278CA9109}.Debug|Win32.ActiveCfg = Debug|Win32
		{DB5F9878-1621-45BE-9F20-379278CA9109}.Debug|Win32.Build.0 = Debug|Win32
		{DB5F9878-1621-45BE-9F20-379278CA9109}.Release|Win32.ActiveCfg = Release|Win32
		{DB5F9878-1621-45BE-9F20-379278CA9109}.Release|Win32.Build.0 = Release|Win32
		{56DDFBBD-E8E5-413E-8DDD-CF5DC3660E3E}.Debug|Win32.ActiveCfg = Debug|Win32
		{56DDFBBD-E8E5-413E-8DDD-CF5DC3660E3E}.Debug|Win32.Build.0 = Debug|Win32
		{56DDFBBD-E8E5-413E-8DDD-CF5DC3660E3E}.Release|Win32.ActiveCfg = Release|Win32
		{56DDFBBD-E8E5-413E-8DDD-CF5DC3660E3E}.Release|Win32.Build.0 = Release|Win32
		{F18728F7-CE0E-4581-B399-F81FF06B3510}.Debug|Win32.ActiveCfg = Debug|Win32
		{F18728F7-CE0E-4581-B399-F81FF06B3510}.Debug|Win32.Build.0 = Debug|Win32
		{F18728F7-CE0E-4581-B399-F81FF06B3510}.Release|Win32.ActiveCfg = Release|Win32
		{F18728F7-CE0E-4581-B399-F81FF06B3510}.Release|Win32.Build.0 = Release|Win32
		{A04CDD3F-98D3-44A4-B31B-1618C42855A7}.Debug|Win32.ActiveCfg = Debug|Win32
		{A04CDD3F-98D3-44A4-B31B-1618C42855A7}.Debug|Win32.Build.0 = Debug|Win32
		{A04CDD3F-98D3-44A4-B31B-1618C42855A7}.Release|Win32.ActiveCfg = Release|Win32
		{A04CDD3F-98D3-44A4-B31B-1618C42855A7}.Release|Win32.Build.0 = Release|Win32
		{2FFFF247-E88D-49ED-A7F9-C9F2747D15F9}.Debug|Win32.ActiveCfg = Debug|Win32
		{2FFFF247-E88D-49ED-A7F9-C9F2747D15F9}.Debug|Win32.Build.0 = Debug|Win32
		{2FFFF247-E88D-49ED-A7F9-C9F2747D15F9}.Release|Win32.ActiveCfg = Release|Win32
		{2FFFF247-E88D-49ED-A7F9-C9F2747D15F9}.Release|Win32.Build.0 = Release|Win32
		{9091E63D-5B59-40D2-9D17-1DE684F8F1DA}.Debug|Win32.ActiveCfg = Debug|Win32
		{9091E63D-5B59-40D2-9D17-1DE684F8F1DA}.Debug|Win32.Build.0 = Debug|Win32
		{9091E63D-5B59-40D2-9D17-1DE684F8F1DA}.Release|Win32.ActiveCfg = Release|Win32
		{9091E63D-5B59-40D2-9D17-1DE684F8F1DA}.Release|Win32.Build.0 = Release|Win32
		{3DF8DB3C-D6E5-47BA-9F80-56518D99C301}.Debug|Win32.ActiveCfg = Debug|Win32
		{3DF8DB3C-D6E5-47BA-9F80-56518D99C301}.Debug|Win32.Build.0 = Debug|Win32
		{3DF8DB3C-D6E5-47BA-9F80-56518D99C301}.Release|Win32.ActiveCfg = Release|Win32
		{3DF8DB3C-D6E5-47BA-9F80-56518D99C301}.Release|Win32.Build.0 = Release|Win32
		{11F30243-15CB-4AFD-83C4-7CC17B6E6647}.Debug|Win32.ActiveCfg = Debug|Win32
		{11F30243-15CB-4AFD-83C4-7CC17B6E6647}.Debug|Win32.Build.0 = Debug|Win32
		{11F30243-15CB-4AFD-83C4-7CC17B6E6647}.Release|Win32.ActiveCfg = Release|Win32
		{11F30243-15CB-4AFD-83C4-7CC17B6E6647}.Release|Win32.Build.0 = Release|Win32
		{81EE05C1-B1DC-4E1B-BD0A-A733056387B8}.Debug|Win32.ActiveCfg = Debug|Win32
		{81EE05C1-B1DC-4E1B-BD0A-A733056387B8}.Debug|Win32.Build.0 = Debug|Win32
		{81EE05C1-B1DC-4E1B-BD0A-A733056387B8}.Release|Win32.ActiveCfg = Release|Win32
		{81EE05C1-B1DC-4E1B-BD0A-A733056387B8}.Release|Win32.Build.0 = Release|Win32
		{8339F125-3299-482A-8168-A854C1A4CD2B}.Debug|Win32.ActiveCfg = Debug|Win32
		{8339F125-3299-482A-8168-A854C1A4CD2B}.Debug|Win32.Build.0 = Debug|Win32
		{8339F125-3299-482A-8168-A854C1A4CD2B}.Release|Win32.ActiveCfg = Release|Win32
		{8339F125-3299-482A-8168-A854C1A4CD2B}.Release|Win32.Build.0 = Release|Win32
		{59D78A14-29DB-4AFB-AE90-C2F26D734D53}.Debug|Win32.ActiveCfg = Debug|Win32
		{59D78A14-29DB-4AFB-AE90-C2F26D734D53}.Debug|Win32.Build.0 = Debug|Win32
		{59D78A14-29DB-4AFB-AE90-C2F26D734D53}.Release|Win32.ActiveCfg = Release|Win32
		{59D78A14-29DB-4AFB-AE90-C2F26D734D53}.Release|Win32.Build.0 = Release|Win32
		{41A4D932-A6FE-406C-9D2E-FBDAD68B807D}.Debug|Win32.ActiveCfg = Debug|Win32
		{41A4D932-A6FE-406C-9D2E-FBDAD68B807D}.Debug|Win32.Build.0 = Debug|Win32
		{41A4D932-A6FE-406C-9D2E-FBDAD68B807D}.Release|Win32.ActiveCfg = Release|Win32
		{41A4D932-A6FE-406C-9D2E-FBDAD68B807D}.Release|Win32.Build.0 = Release|Win32
		{4E2AFB8B-8FFB-445C-8AC1-DC33AC7BFB09}.Debug|Win32.ActiveCfg = Debug|Win32
		{4E2AFB8B-8FFB-445C-8AC1-DC33AC7BFB09}.Debug|Win32.Build.0 = Debug|Win32
		{4E2AFB8B-8FFB-445C-8AC1-DC33AC7BFB09}.Release|Win32.ActiveCfg = Release|Win32
		{4E2AFB8B-8FFB-445C-8AC1-DC33AC7BFB09}.Release|Win32.Build.0 = Release|Win32
		{DB015B05-6573-47B1-B84B-76516A7F0F1C}.Debug|Win32.ActiveCfg = Debug|Win32
		{DB015B05-6573-47B1-B84B-76516A7F0F1C}.Debug|Win32.Build.0 = Debug|Win32
		{DB015B05-6573-47B1-B84B-76516A7F0F1C}.Release|Win32.ActiveCfg = Release|Win32
		{DB015B05-6573-47B1-B84B-76516A7F0F1C}.Release|Win32.Build.0 = Release|Win32
		{46BF174E-BA50-405D-AD86-9CA5B5C347B4}.Debug|Win32.ActiveCfg = Debug|Win32
		{46BF174E-BA50-405D-AD86-9CA5B5C347B4}.Debug|Win32.Build.0 = Debug|Win32
		{46BF174E-BA50-405D-AD86-9CA5B5C347B4}.Release|Win32.ActiveCfg = Release|Win32
		{46BF174E-BA50-405D-AD86-9CA5B5C347B4}.Release|Win32.Build.0 = Release|Win32
		{54B3FB99-076D-43B4-A449-519FE458682B}.Debug|Win32.ActiveCfg = Debug|Win32
		{54B3FB99-076D-43B4-A449-519FE458682B}.Debug|Win32.Build.0 = Debug|Win32
		{54B3FB99-076D-43B4-A449-519FE458682B}.Release|Win32.ActiveCfg = Release|Win32
		{54B3FB99-076D-43B4-A449-519FE458682B}.Release|Win32.Build.0 = Release|Win32
		{3E9F1591-39DF-4F24-A0F4-DB24BC80692A}.Debug|Win32.ActiveCfg = Debug|Win32
		{3E9F1591-39DF-4F24-A0F4-DB24BC80692A}.Debug|Win32.Build.0 = Debug|Win32
		{3E9F1591-39DF-4F24-A0F4-DB24BC80692A}.Release|Win32.ActiveCfg = Release|Win32
		{3E9F1591-39DF-4F24-A0F4-DB24BC80692A}.Release|Win32.Build.0 = Release|Win32
		{EE6DE947-AD9C-4BA7-80A8-351E0A6FB110}.Debug|Win32.ActiveCfg = Debug|Win32
		{EE6DE947-AD9C-4BA7-80A8-351E0A6FB110}.Debug|Win32.Build.0 = Debug|Win32
		{EE6DE947-AD9C-4BA7-80A8-351E0A6FB110}.Release|Win32.ActiveCfg = Release|Win32
		{EE6DE947-AD9C-4BA7-80A8-351E0A6FB110}.Release|Win32.Build.0 = Release|Win32
		{77A6FA06-5164-43F3-A150-6E941424DF1D}.Debug|Win32.ActiveCfg = Debug|Win32
		{77A6FA06-5164-43F3-A150-6E941424DF1D}.Debug|Win32.Build.0 = Debug|Win32
		{77A6FA06-5164-43F3-A150-6E941424DF1D}.Release|Win32.ActiveCfg = Release|Win32
		{77A6FA06-5164-43F3-A150-6E941424DF1D}.Release|Win32.Build.0 = Release|Win32
		{BE001FCE-3EB8-4247-8C8C-E3B23949C073}.Debug|Win32.ActiveCfg = Debug|Win32
		{BE001FCE-3EB8-4247-8C8C-E3B23949C073}.Debug|Win32.Build.0 = Debug|Win32
		{BE001FCE-3EB8-4247-8C8C-E3B23949C073}.Release|Win32.ActiveCfg = Release|Win32
		{BE001FCE-3EB8-4247-8C8C-E3B23949C073}.Release|Win32.Build.0 = Release|Win32
		{7F462A76-FA5A-4CC6-8CFD-085A0227E05E}.Debug|Win32.ActiveCfg = Debug|Win32
		{7F462A76-FA5A-4CC6-8CFD-085A0227E05E}.Debug|Win32.Build.0 = Debug|Win32
		{7F462A76-FA5A-4CC6-8CFD-085A0227E05E}.Release|Win32.ActiveCfg = Release|Win32
		{7F462A76-FA5A-4CC6-8CFD-085A0227E05E}.Release|Win32.Build.0 = Release|Win32
		{FE6062B6-F39E-46E7-B161-CCF36B073012}.Debug|Win32.ActiveCfg = Debug|Win32
		{FE6062B6-F39E-46E7-B161-CCF36B073012}.Debug|Win32.Build.0 = Debug|Win32
		{FE6062B6-F39E-46E7-B161-CCF36B073012}.Release|Win32.ActiveCfg = Release|Win32
		{FE6062B6-F39E-46E7-B161-CCF36B073012}.Release|Win32.Build.0 = Release|Win32
	EndGlobalSection
	GlobalSection(SolutionProperties) = preSolution
		HideSolutionNode = FALSE
	EndGlobalSection
	GlobalSection(NestedProjects) = preSolution
		{81EE05C1-B1DC-4E1B-BD0A-A733056387B8} = {9F513B87-3B7D-4ED3-8476-C3647E2D0EE0}
		{8339F125-3299-482A-8168-A854C1A4CD2B} = {9F513B87-3B7D-4ED3-8476-C3647E2D0EE0}
		{59D78A14-29DB-4AFB-AE90-C2F26D734D53} = {D1DD3E26-B368-4CA1-9125-70D45ED29C8B}
		{41A4D932-A6FE-406C-9D2E-FBDAD68B807D} = {D1DD3E26-B368-4CA1-9125-70D45ED29C8B}
		{4E2AFB8B-8FFB-445C-8AC1-DC33AC7BFB09} = {E7027625-D557-4A87-B1F7-25D208B9FB10}
		{DB015B05-6573-47B1-B84B-76516A7F0F1C} = {E7027625-D557-4A87-B1F7-25D208B9FB10}
		{46BF174E-BA50-405D-AD86-9CA5B5C347B4} = {1FE9C696-7AFA-4957-82EB-13C6056D5D09}
		{54B3FB99-076D-43B4-A449-519FE458682B} = {1FE9C696-7AFA-4957-82EB-13C6056D5D09}
		{3E9F1591-39DF-4F24-A0F4-DB24BC80692A} = {1FE9C696-7AFA-4957-82EB-13C6056D5D09}
		{EE6DE947-AD9C-4BA7-80A8-351E0A6FB110} = {4A7E53B8-5677-499F-9E61-7319F4B0E829}
		{77A6FA06-5164-43F3-A150-6E941424DF1D} = {4A7E53B8-5677-499F-9E61-7319F4B0E829}
		{BE001FCE-3EB8-4247-8C8C-E3B23949C073} = {559F67CA-5511-4E52-831C-DDB26EFF7FEE}
		{7F462A76-FA5A-4CC6-8CFD-085A0227E05E} = {559F67CA-5511-4E52-831C-DDB26EFF7FEE}
		{FE6062B6-F39E-46E7-B161-CCF36B073012} = {737E5809-A2FD-4961-8619-BB4BF2F3B940}
	EndGlobalSection
EndGlobal
