
Microsoft Visual Studio Solution File, Format Version 12.00
# Visual Studio 2012
Project("{2150E333-8FDC-42A3-9474-1A3956D46DE8}") = "ILib", "ILib", "{8301E015-CAC1-4E09-8F92-1F8A6F9855FC}"
EndProject
Project("{2150E333-8FDC-42A3-9474-1A3956D46DE8}") = "ILibTest", "ILibTest", "{C71654F0-7539-4724-9E10-76F9AD56EBCB}"
EndProject
Project("{2150E333-8FDC-42A3-9474-1A3956D46DE8}") = "IDll", "IDll", "{422DD32E-55C0-41D7-BC0B-591D6C5A8375}"
EndProject
Project("{2150E333-8FDC-42A3-9474-1A3956D46DE8}") = "IDllTest", "IDllTest", "{5A61C89D-C3DF-4835-95BF-F13FE87596FE}"
EndProject
Project("{2150E333-8FDC-42A3-9474-1A3956D46DE8}") = "ISeh", "ISeh", "{85A49192-4A38-49E7-B715-7674071D1C8B}"
EndProject
Project("{2150E333-8FDC-42A3-9474-1A3956D46DE8}") = "ISocket", "ISocket", "{4CA5328A-69F4-42D0-91F0-6D25059E0F41}"
EndProject
Project("{2150E333-8FDC-42A3-9474-1A3956D46DE8}") = "IAlgorithm", "IAlgorithm", "{C350C945-AAB6-46DA-8C8C-850CA16D6F66}"
EndProject
Project("{2150E333-8FDC-42A3-9474-1A3956D46DE8}") = "ITemplate", "ITemplate", "{97A6BB92-DB57-462A-9016-118E6BAD1FCF}"
EndProject
Project("{2150E333-8FDC-42A3-9474-1A3956D46DE8}") = "IWtl", "IWtl", "{9EB0AC71-321E-4115-8322-F3C44C43E22B}"
EndProject
Project("{2150E333-8FDC-42A3-9474-1A3956D46DE8}") = "IDui", "IDui", "{4D8AE58C-95C5-4EC3-A14F-1A579F3F8FE1}"
EndProject
Project("{2150E333-8FDC-42A3-9474-1A3956D46DE8}") = "IZthread", "IZthread", "{1F57371B-B928-4AE6-9898-35086F5AD150}"
EndProject
Project("{2150E333-8FDC-42A3-9474-1A3956D46DE8}") = "IPoco", "IPoco", "{F9200EFC-6CA6-4B0A-9C92-2FC313D3C217}"
EndProject
Project("{2150E333-8FDC-42A3-9474-1A3956D46DE8}") = "IThreadPool", "IThreadPool", "{F4BE1BC2-79B9-4A7E-A053-0C1BE7A83A3F}"
EndProject
Project("{2150E333-8FDC-42A3-9474-1A3956D46DE8}") = "IHook", "IHook", "{F00284F9-6E32-47BA-8555-6C345F2FDFCD}"
EndProject
Project("{2150E333-8FDC-42A3-9474-1A3956D46DE8}") = "IIpc", "IIpc", "{40D058C9-21FE-47F1-AAA2-C7C219841B93}"
EndProject
Project("{2150E333-8FDC-42A3-9474-1A3956D46DE8}") = "ITls", "ITls", "{0A2B7A69-989E-45FA-B7A6-21D9725E7D25}"
EndProject
Project("{2150E333-8FDC-42A3-9474-1A3956D46DE8}") = "IThunk", "IThunk", "{83C5ECB9-EF62-482D-AD31-9006BDF2F30B}"
EndProject
Project("{2150E333-8FDC-42A3-9474-1A3956D46DE8}") = "IThreadSyn", "IThreadSyn", "{E95FF750-0C20-4C83-80E1-0754064D004F}"
EndProject
Project("{2150E333-8FDC-42A3-9474-1A3956D46DE8}") = "IMultiThread", "IMultiThread", "{E0289730-3417-40D1-9644-93DE82B69F5D}"
EndProject
Project("{2150E333-8FDC-42A3-9474-1A3956D46DE8}") = "IService", "IService", "{7D511BC7-82D0-40CA-A7FE-04C3280E8EEC}"
EndProject
Project("{2150E333-8FDC-42A3-9474-1A3956D46DE8}") = "IIocp", "IIocp", "{CA8E316D-CF14-41A9-9579-B42AA76EB3A0}"
EndProject
Project("{2150E333-8FDC-42A3-9474-1A3956D46DE8}") = "IThread", "IThread", "{911B4E49-5706-429B-BA5E-81765F99570C}"
EndProject
Project("{2150E333-8FDC-42A3-9474-1A3956D46DE8}") = "IProcess", "IProcess", "{55AD519F-047B-4E64-B3AE-B15D0CE99563}"
EndProject
Project("{2150E333-8FDC-42A3-9474-1A3956D46DE8}") = "ILog", "ILog", "{9F939A4D-568E-4FDC-84F8-53EE1937F901}"
	ProjectSection(SolutionItems) = preProject
		TSLOGReadMe.txt = TSLOGReadMe.txt
	EndProjectSection
EndProject
Project("{8BC9CEB8-8B4A-11D0-8D11-00A0C91BC942}") = "SumOneToNByAndAndOr", "SumOneToNByAndAndOr\SumOneToNByAndAndOr.vcxproj", "{B8E74CC7-A054-4EFE-8975-2D62F4172AB7}"
EndProject
Project("{8BC9CEB8-8B4A-11D0-8D11-00A0C91BC942}") = "TSLOGTest", "TSLOGTest\TSLOGTest.vcxproj", "{DC261101-B4AA-42BB-A077-BB35EDBE4397}"
EndProject
Project("{8BC9CEB8-8B4A-11D0-8D11-00A0C91BC942}") = "TSLOGTestOne", "TSLOGTestOne\TSLOGTestOne.vcxproj", "{967B6489-F60A-48DB-BCA0-31270B88EFE4}"
EndProject
Project("{2150E333-8FDC-42A3-9474-1A3956D46DE8}") = "ConditionVariable", "ConditionVariable", "{4BF9C6BB-78C6-4F4A-B237-6D7A6A249F34}"
EndProject
Project("{8BC9CEB8-8B4A-11D0-8D11-00A0C91BC942}") = "CV", "CV\CV.vcxproj", "{6FCDE427-25C7-4941-9FD7-9022163AF6EF}"
EndProject
Project("{2150E333-8FDC-42A3-9474-1A3956D46DE8}") = "TimerQueue", "TimerQueue", "{1C4FAC09-EF1D-4D07-A4F4-D917087C7E43}"
EndProject
Project("{8BC9CEB8-8B4A-11D0-8D11-00A0C91BC942}") = "TQ", "TQ\TQ.vcxproj", "{9D0FD44F-0C1F-4305-86D4-6D4410196219}"
EndProject
Project("{2150E333-8FDC-42A3-9474-1A3956D46DE8}") = "WaitableTimer", "WaitableTimer", "{82C8A37A-7E04-4E06-8942-A37CE1B964FF}"
EndProject
Project("{8BC9CEB8-8B4A-11D0-8D11-00A0C91BC942}") = "WT", "WT\WT.vcxproj", "{6742E295-D961-4BF7-9EEA-0DC1295C5712}"
EndProject
Project("{2150E333-8FDC-42A3-9474-1A3956D46DE8}") = "IOthers", "IOthers", "{340F9F10-2EB0-411A-8FFE-124474C40488}"
EndProject
Project("{8BC9CEB8-8B4A-11D0-8D11-00A0C91BC942}") = "ShellExecuteEx", "ShellExecuteEx\ShellExecuteEx.vcxproj", "{96F158A6-9052-4ABF-8734-F35DDBE5F52D}"
EndProject
Project("{2150E333-8FDC-42A3-9474-1A3956D46DE8}") = "ITime", "ITime", "{817CADFD-EEDA-4824-916B-47707C23850F}"
EndProject
Project("{8BC9CEB8-8B4A-11D0-8D11-00A0C91BC942}") = "StatTime", "StatTime\StatTime.vcxproj", "{D47874BB-166B-48D7-9FE9-E6B6725A0904}"
EndProject
Project("{8BC9CEB8-8B4A-11D0-8D11-00A0C91BC942}") = "HelloWorld", "HelloWorld\HelloWorld.vcxproj", "{C8D35CC5-0B5C-48D2-83E6-D3300BEDEB5F}"
EndProject
Global
	GlobalSection(SolutionConfigurationPlatforms) = preSolution
		Debug|Win32 = Debug|Win32
		Release|Win32 = Release|Win32
	EndGlobalSection
	GlobalSection(ProjectConfigurationPlatforms) = postSolution
		{B8E74CC7-A054-4EFE-8975-2D62F4172AB7}.Debug|Win32.ActiveCfg = Debug|Win32
		{B8E74CC7-A054-4EFE-8975-2D62F4172AB7}.Debug|Win32.Build.0 = Debug|Win32
		{B8E74CC7-A054-4EFE-8975-2D62F4172AB7}.Release|Win32.ActiveCfg = Release|Win32
		{B8E74CC7-A054-4EFE-8975-2D62F4172AB7}.Release|Win32.Build.0 = Release|Win32
		{DC261101-B4AA-42BB-A077-BB35EDBE4397}.Debug|Win32.ActiveCfg = Debug|Win32
		{DC261101-B4AA-42BB-A077-BB35EDBE4397}.Debug|Win32.Build.0 = Debug|Win32
		{DC261101-B4AA-42BB-A077-BB35EDBE4397}.Release|Win32.ActiveCfg = Release|Win32
		{DC261101-B4AA-42BB-A077-BB35EDBE4397}.Release|Win32.Build.0 = Release|Win32
		{967B6489-F60A-48DB-BCA0-31270B88EFE4}.Debug|Win32.ActiveCfg = Debug|Win32
		{967B6489-F60A-48DB-BCA0-31270B88EFE4}.Debug|Win32.Build.0 = Debug|Win32
		{967B6489-F60A-48DB-BCA0-31270B88EFE4}.Release|Win32.ActiveCfg = Release|Win32
		{967B6489-F60A-48DB-BCA0-31270B88EFE4}.Release|Win32.Build.0 = Release|Win32
		{6FCDE427-25C7-4941-9FD7-9022163AF6EF}.Debug|Win32.ActiveCfg = Debug|Win32
		{6FCDE427-25C7-4941-9FD7-9022163AF6EF}.Debug|Win32.Build.0 = Debug|Win32
		{6FCDE427-25C7-4941-9FD7-9022163AF6EF}.Release|Win32.ActiveCfg = Release|Win32
		{6FCDE427-25C7-4941-9FD7-9022163AF6EF}.Release|Win32.Build.0 = Release|Win32
		{9D0FD44F-0C1F-4305-86D4-6D4410196219}.Debug|Win32.ActiveCfg = Debug|Win32
		{9D0FD44F-0C1F-4305-86D4-6D4410196219}.Debug|Win32.Build.0 = Debug|Win32
		{9D0FD44F-0C1F-4305-86D4-6D4410196219}.Release|Win32.ActiveCfg = Release|Win32
		{9D0FD44F-0C1F-4305-86D4-6D4410196219}.Release|Win32.Build.0 = Release|Win32
		{6742E295-D961-4BF7-9EEA-0DC1295C5712}.Debug|Win32.ActiveCfg = Debug|Win32
		{6742E295-D961-4BF7-9EEA-0DC1295C5712}.Debug|Win32.Build.0 = Debug|Win32
		{6742E295-D961-4BF7-9EEA-0DC1295C5712}.Release|Win32.ActiveCfg = Release|Win32
		{6742E295-D961-4BF7-9EEA-0DC1295C5712}.Release|Win32.Build.0 = Release|Win32
		{96F158A6-9052-4ABF-8734-F35DDBE5F52D}.Debug|Win32.ActiveCfg = Debug|Win32
		{96F158A6-9052-4ABF-8734-F35DDBE5F52D}.Debug|Win32.Build.0 = Debug|Win32
		{96F158A6-9052-4ABF-8734-F35DDBE5F52D}.Release|Win32.ActiveCfg = Release|Win32
		{96F158A6-9052-4ABF-8734-F35DDBE5F52D}.Release|Win32.Build.0 = Release|Win32
		{D47874BB-166B-48D7-9FE9-E6B6725A0904}.Debug|Win32.ActiveCfg = Debug|Win32
		{D47874BB-166B-48D7-9FE9-E6B6725A0904}.Debug|Win32.Build.0 = Debug|Win32
		{D47874BB-166B-48D7-9FE9-E6B6725A0904}.Release|Win32.ActiveCfg = Release|Win32
		{D47874BB-166B-48D7-9FE9-E6B6725A0904}.Release|Win32.Build.0 = Release|Win32
		{C8D35CC5-0B5C-48D2-83E6-D3300BEDEB5F}.Debug|Win32.ActiveCfg = Debug|Win32
		{C8D35CC5-0B5C-48D2-83E6-D3300BEDEB5F}.Debug|Win32.Build.0 = Debug|Win32
		{C8D35CC5-0B5C-48D2-83E6-D3300BEDEB5F}.Release|Win32.ActiveCfg = Release|Win32
		{C8D35CC5-0B5C-48D2-83E6-D3300BEDEB5F}.Release|Win32.Build.0 = Release|Win32
	EndGlobalSection
	GlobalSection(SolutionProperties) = preSolution
		HideSolutionNode = FALSE
	EndGlobalSection
	GlobalSection(NestedProjects) = preSolution
		{C8D35CC5-0B5C-48D2-83E6-D3300BEDEB5F} = {85A49192-4A38-49E7-B715-7674071D1C8B}
		{B8E74CC7-A054-4EFE-8975-2D62F4172AB7} = {C350C945-AAB6-46DA-8C8C-850CA16D6F66}
		{4BF9C6BB-78C6-4F4A-B237-6D7A6A249F34} = {E95FF750-0C20-4C83-80E1-0754064D004F}
		{1C4FAC09-EF1D-4D07-A4F4-D917087C7E43} = {E95FF750-0C20-4C83-80E1-0754064D004F}
		{82C8A37A-7E04-4E06-8942-A37CE1B964FF} = {E95FF750-0C20-4C83-80E1-0754064D004F}
		{DC261101-B4AA-42BB-A077-BB35EDBE4397} = {9F939A4D-568E-4FDC-84F8-53EE1937F901}
		{967B6489-F60A-48DB-BCA0-31270B88EFE4} = {9F939A4D-568E-4FDC-84F8-53EE1937F901}
		{6FCDE427-25C7-4941-9FD7-9022163AF6EF} = {4BF9C6BB-78C6-4F4A-B237-6D7A6A249F34}
		{9D0FD44F-0C1F-4305-86D4-6D4410196219} = {1C4FAC09-EF1D-4D07-A4F4-D917087C7E43}
		{6742E295-D961-4BF7-9EEA-0DC1295C5712} = {82C8A37A-7E04-4E06-8942-A37CE1B964FF}
		{96F158A6-9052-4ABF-8734-F35DDBE5F52D} = {340F9F10-2EB0-411A-8FFE-124474C40488}
		{D47874BB-166B-48D7-9FE9-E6B6725A0904} = {817CADFD-EEDA-4824-916B-47707C23850F}
	EndGlobalSection
EndGlobal
