
Microsoft Visual Studio Solution File, Format Version 12.00
# Visual Studio 2012
Project("{2150E333-8FDC-42A3-9474-1A3956D46DE8}") = "ILib", "ILib", "{8301E015-CAC1-4E09-8F92-1F8A6F9855FC}"
EndProject
Project("{2150E333-8FDC-42A3-9474-1A3956D46DE8}") = "ILibTest", "ILibTest", "{C71654F0-7539-4724-9E10-76F9AD56EBCB}"
EndProject
Project("{2150E333-8FDC-42A3-9474-1A3956D46DE8}") = "IDll", "IDll", "{422DD32E-55C0-41D7-BC0B-591D6C5A8375}"
EndProject
Project("{2150E333-8FDC-42A3-9474-1A3956D46DE8}") = "IDllTest", "IDllTest", "{5A61C89D-C3DF-4835-95BF-F13FE87596FE}"
EndProject
Project("{2150E333-8FDC-42A3-9474-1A3956D46DE8}") = "ISeh", "ISeh", "{85A49192-4A38-49E7-B715-7674071D1C8B}"
EndProject
Project("{2150E333-8FDC-42A3-9474-1A3956D46DE8}") = "ISocket", "ISocket", "{4CA5328A-69F4-42D0-91F0-6D25059E0F41}"
EndProject
Project("{2150E333-8FDC-42A3-9474-1A3956D46DE8}") = "IAlgorithm", "IAlgorithm", "{C350C945-AAB6-46DA-8C8C-850CA16D6F66}"
EndProject
Project("{2150E333-8FDC-42A3-9474-1A3956D46DE8}") = "ITemplate", "ITemplate", "{97A6BB92-DB57-462A-9016-118E6BAD1FCF}"
EndProject
Project("{2150E333-8FDC-42A3-9474-1A3956D46DE8}") = "IWtl", "IWtl", "{9EB0AC71-321E-4115-8322-F3C44C43E22B}"
EndProject
Project("{2150E333-8FDC-42A3-9474-1A3956D46DE8}") = "IDui", "IDui", "{4D8AE58C-95C5-4EC3-A14F-1A579F3F8FE1}"
EndProject
Project("{2150E333-8FDC-42A3-9474-1A3956D46DE8}") = "IZthread", "IZthread", "{1F57371B-B928-4AE6-9898-35086F5AD150}"
EndProject
Project("{2150E333-8FDC-42A3-9474-1A3956D46DE8}") = "IPoco", "IPoco", "{F9200EFC-6CA6-4B0A-9C92-2FC313D3C217}"
EndProject
Project("{2150E333-8FDC-42A3-9474-1A3956D46DE8}") = "IThreadPool", "IThreadPool", "{F4BE1BC2-79B9-4A7E-A053-0C1BE7A83A3F}"
EndProject
Project("{2150E333-8FDC-42A3-9474-1A3956D46DE8}") = "IHook", "IHook", "{F00284F9-6E32-47BA-8555-6C345F2FDFCD}"
EndProject
Project("{2150E333-8FDC-42A3-9474-1A3956D46DE8}") = "IIpc", "IIpc", "{40D058C9-21FE-47F1-AAA2-C7C219841B93}"
EndProject
Project("{2150E333-8FDC-42A3-9474-1A3956D46DE8}") = "ITls", "ITls", "{0A2B7A69-989E-45FA-B7A6-21D9725E7D25}"
EndProject
Project("{2150E333-8FDC-42A3-9474-1A3956D46DE8}") = "IThunk", "IThunk", "{83C5ECB9-EF62-482D-AD31-9006BDF2F30B}"
EndProject
Project("{2150E333-8FDC-42A3-9474-1A3956D46DE8}") = "IThreadSyn", "IThreadSyn", "{E95FF750-0C20-4C83-80E1-0754064D004F}"
EndProject
Project("{2150E333-8FDC-42A3-9474-1A3956D46DE8}") = "IMultiThread", "IMultiThread", "{E0289730-3417-40D1-9644-93DE82B69F5D}"
EndProject
Project("{2150E333-8FDC-42A3-9474-1A3956D46DE8}") = "IService", "IService", "{7D511BC7-82D0-40CA-A7FE-04C3280E8EEC}"
EndProject
Project("{2150E333-8FDC-42A3-9474-1A3956D46DE8}") = "IIocp", "IIocp", "{CA8E316D-CF14-41A9-9579-B42AA76EB3A0}"
EndProject
Project("{2150E333-8FDC-42A3-9474-1A3956D46DE8}") = "IThread", "IThread", "{911B4E49-5706-429B-BA5E-81765F99570C}"
EndProject
Project("{2150E333-8FDC-42A3-9474-1A3956D46DE8}") = "IProcess", "IProcess", "{55AD519F-047B-4E64-B3AE-B15D0CE99563}"
EndProject
Project("{2150E333-8FDC-42A3-9474-1A3956D46DE8}") = "ILog", "ILog", "{9F939A4D-568E-4FDC-84F8-53EE1937F901}"
	ProjectSection(SolutionItems) = preProject
		TSLOGReadMe.txt = TSLOGReadMe.txt
	EndProjectSection
EndProject
Project("{8BC9CEB8-8B4A-11D0-8D11-00A0C91BC942}") = "SumOneToNByAndAndOr", "SumOneToNByAndAndOr\SumOneToNByAndAndOr.vcxproj", "{B8E74CC7-A054-4EFE-8975-2D62F4172AB7}"
EndProject
Project("{8BC9CEB8-8B4A-11D0-8D11-00A0C91BC942}") = "TSLOGTest", "TSLOGTest\TSLOGTest.vcxproj", "{DC261101-B4AA-42BB-A077-BB35EDBE4397}"
EndProject
Project("{8BC9CEB8-8B4A-11D0-8D11-00A0C91BC942}") = "TSLOGTestOne", "TSLOGTestOne\TSLOGTestOne.vcxproj", "{967B6489-F60A-48DB-BCA0-31270B88EFE4}"
EndProject
Project("{2150E333-8FDC-42A3-9474-1A3956D46DE8}") = "ConditionVariable", "ConditionVariable", "{4BF9C6BB-78C6-4F4A-B237-6D7A6A249F34}"
EndProject
Project("{8BC9CEB8-8B4A-11D0-8D11-00A0C91BC942}") = "CV", "CV\CV.vcxproj", "{6FCDE427-25C7-4941-9FD7-9022163AF6EF}"
EndProject
Project("{2150E333-8FDC-42A3-9474-1A3956D46DE8}") = "TimerQueue", "TimerQueue", "{1C4FAC09-EF1D-4D07-A4F4-D917087C7E43}"
EndProject
Project("{8BC9CEB8-8B4A-11D0-8D11-00A0C91BC942}") = "TQ", "TQ\TQ.vcxproj", "{9D0FD44F-0C1F-4305-86D4-6D4410196219}"
EndProject
Project("{2150E333-8FDC-42A3-9474-1A3956D46DE8}") = "WaitableTimer", "WaitableTimer", "{82C8A37A-7E04-4E06-8942-A37CE1B964FF}"
EndProject
Project("{8BC9CEB8-8B4A-11D0-8D11-00A0C91BC942}") = "WT", "WT\WT.vcxproj", "{6742E295-D961-4BF7-9EEA-0DC1295C5712}"
EndProject
Project("{2150E333-8FDC-42A3-9474-1A3956D46DE8}") = "IOthers", "IOthers", "{340F9F10-2EB0-411A-8FFE-124474C40488}"
EndProject
Project("{8BC9CEB8-8B4A-11D0-8D11-00A0C91BC942}") = "ShellExecuteEx", "ShellExecuteEx\ShellExecuteEx.vcxproj", "{96F158A6-9052-4ABF-8734-F35DDBE5F52D}"
EndProject
Project("{2150E333-8FDC-42A3-9474-1A3956D46DE8}") = "ITime", "ITime", "{817CADFD-EEDA-4824-916B-47707C23850F}"
EndProject
Project("{8BC9CEB8-8B4A-11D0-8D11-00A0C91BC942}") = "StatTime", "StatTime\StatTime.vcxproj", "{D47874BB-166B-48D7-9FE9-E6B6725A0904}"
EndProject
Project("{8BC9CEB8-8B4A-11D0-8D11-00A0C91BC942}") = "HelloWorld", "HelloWorld\HelloWorld.vcxproj", "{C8D35CC5-0B5C-48D2-83E6-D3300BEDEB5F}"
EndProject
Project("{2150E333-8FDC-42A3-9474-1A3956D46DE8}") = "ISocketIPC", "ISocketIPC", "{C4B818B6-4988-4930-A4F3-B5C651D12749}"
EndProject
Project("{2150E333-8FDC-42A3-9474-1A3956D46DE8}") = "IDirectory", "IDirectory", "{2B1982D2-4CA7-4E1D-9136-1C60FD544701}"
EndProject
Project("{8BC9CEB8-8B4A-11D0-8D11-00A0C91BC942}") = "GetDiskFreeSpaceEx", "GetDiskFreeSpaceEx\GetDiskFreeSpaceEx.vcxproj", "{0474F8CB-F342-4326-9AE5-715AB5E1D3C2}"
EndProject
Project("{8BC9CEB8-8B4A-11D0-8D11-00A0C91BC942}") = "SetWindowsHookExDll", "SetWindowsHookExDll\SetWindowsHookExDll.vcxproj", "{D69A0746-A6E2-452E-8FB9-9A3682842105}"
EndProject
Project("{8BC9CEB8-8B4A-11D0-8D11-00A0C91BC942}") = "SetWindowsHookEx", "SetWindowsHookEx\SetWindowsHookEx.vcxproj", "{C106993C-360B-4D22-906B-36214D2BBA9F}"
EndProject
Project("{8BC9CEB8-8B4A-11D0-8D11-00A0C91BC942}") = "DelayLoadProfileDll", "DelayLoadProfileDll\DelayLoadProfileDll.vcxproj", "{269631A1-C758-462E-B9E7-260BE33C030D}"
EndProject
Project("{8BC9CEB8-8B4A-11D0-8D11-00A0C91BC942}") = "DelayLoadProfile", "DelayLoadProfile\DelayLoadProfile.vcxproj", "{A5F507AD-F9F8-4522-99E2-539BE963CD1F}"
EndProject
Project("{2150E333-8FDC-42A3-9474-1A3956D46DE8}") = "IString", "IString", "{27F90EDE-D2E2-44E9-9F6E-AC61BE46E784}"
EndProject
Project("{8BC9CEB8-8B4A-11D0-8D11-00A0C91BC942}") = "String", "String\String.vcxproj", "{9DB3D839-17B3-4379-A590-8D3A04C05BC5}"
EndProject
Project("{2150E333-8FDC-42A3-9474-1A3956D46DE8}") = "IFile", "IFile", "{F0A289D8-CC4A-4A18-AF0C-CFCB1CB675F0}"
EndProject
Project("{2150E333-8FDC-42A3-9474-1A3956D46DE8}") = "IBase", "IBase", "{50483AD7-22FD-4A73-8BDB-E182E8ADD28A}"
EndProject
Project("{8BC9CEB8-8B4A-11D0-8D11-00A0C91BC942}") = "noncopyable", "noncopyable\noncopyable.vcxproj", "{7973E366-47E9-481D-A35F-81C606C2D6FC}"
EndProject
Project("{8BC9CEB8-8B4A-11D0-8D11-00A0C91BC942}") = "scoped_ptr", "scoped_ptr\scoped_ptr.vcxproj", "{B6E6382E-8398-48C0-AED6-D57B3D803F68}"
EndProject
Project("{2150E333-8FDC-42A3-9474-1A3956D46DE8}") = "IMacro", "IMacro", "{CAFA70B1-FB5C-4AB5-A385-697C1B33B9A6}"
EndProject
Project("{8BC9CEB8-8B4A-11D0-8D11-00A0C91BC942}") = "Macro", "Macro\Macro.vcxproj", "{1E630F52-3818-4735-9A9C-8A827D3516BA}"
EndProject
Project("{8BC9CEB8-8B4A-11D0-8D11-00A0C91BC942}") = "iTimer", "iTimer\iTimer.vcxproj", "{06A4E391-E555-46BC-A75F-6F5814296119}"
EndProject
Project("{8BC9CEB8-8B4A-11D0-8D11-00A0C91BC942}") = "Join", "Join\Join.vcxproj", "{FA048B09-E754-4836-91B3-430BFF5C5FC6}"
EndProject
Project("{8BC9CEB8-8B4A-11D0-8D11-00A0C91BC942}") = "ExceptionHandler", "ExceptionHandler\ExceptionHandler.vcxproj", "{9731BBEE-D2AF-45A0-B2A9-44583BE98C15}"
EndProject
Project("{2150E333-8FDC-42A3-9474-1A3956D46DE8}") = "IReflect", "IReflect", "{AA13B89C-1EE3-425B-952E-58CB4D554F10}"
EndProject
Project("{8BC9CEB8-8B4A-11D0-8D11-00A0C91BC942}") = "Reflect", "Reflect\Reflect.vcxproj", "{782C1094-3AC0-4F9D-9A39-921F0A4FDEFB}"
EndProject
Project("{8BC9CEB8-8B4A-11D0-8D11-00A0C91BC942}") = "CrashRptOne", "CrashRptOne\CrashRptOne.vcxproj", "{30AFCFD0-B934-44E9-9924-1C5FF0A4FE55}"
EndProject
Project("{8BC9CEB8-8B4A-11D0-8D11-00A0C91BC942}") = "typeid", "typeid\typeid.vcxproj", "{DB5F9878-1621-45BE-9F20-379278CA9109}"
EndProject
Project("{8BC9CEB8-8B4A-11D0-8D11-00A0C91BC942}") = "ArgumentDeducation", "ArgumentDeducation\ArgumentDeducation.vcxproj", "{05953E38-BC68-4F9F-B4C6-1D52BD852399}"
EndProject
Project("{2150E333-8FDC-42A3-9474-1A3956D46DE8}") = "IPrivateHeap", "IPrivateHeap", "{BE0284B2-764D-4A99-BDF8-A017221316C1}"
EndProject
Project("{8BC9CEB8-8B4A-11D0-8D11-00A0C91BC942}") = "PrivateHeap", "PrivateHeap\PrivateHeap.vcxproj", "{5A74D2D1-A7E1-4692-A826-0CE657B79725}"
EndProject
Project("{8BC9CEB8-8B4A-11D0-8D11-00A0C91BC942}") = "WinHttpTimeToSystemTime", "WinHttpTimeToSystemTime\WinHttpTimeToSystemTime.vcxproj", "{762F6595-9F00-4E6E-A02F-BC5C35D3CF22}"
EndProject
Project("{2150E333-8FDC-42A3-9474-1A3956D46DE8}") = "IEncDec", "IEncDec", "{244151E5-8C9F-4DC9-BAA9-2EF4842C1672}"
EndProject
Project("{8BC9CEB8-8B4A-11D0-8D11-00A0C91BC942}") = "DigitalSignature", "DigitalSignature\DigitalSignature.vcxproj", "{6BEE3714-9FDF-488C-B1A1-504F761932DC}"
EndProject
Project("{8BC9CEB8-8B4A-11D0-8D11-00A0C91BC942}") = "GetFileSize", "GetFileSize\GetFileSize.vcxproj", "{CBAA2F88-BAD3-478D-AF4B-A36D424442AE}"
EndProject
Project("{8BC9CEB8-8B4A-11D0-8D11-00A0C91BC942}") = "Directory", "Directory\Directory.vcxproj", "{2145D1C0-D29D-4351-AB03-FA256C4FA1FE}"
EndProject
Project("{8BC9CEB8-8B4A-11D0-8D11-00A0C91BC942}") = "CONTAINING_RECORD", "CONTAINING_RECORD\CONTAINING_RECORD.vcxproj", "{E6E8AE5D-7656-4D43-8F20-3F85EFEDCDD0}"
EndProject
Project("{2150E333-8FDC-42A3-9474-1A3956D46DE8}") = "IRegedit", "IRegedit", "{DFF08AB7-652D-409F-AF89-49939A8E4184}"
EndProject
Project("{8BC9CEB8-8B4A-11D0-8D11-00A0C91BC942}") = "GetSoftwareInstallPath", "GetSoftwareInstallPath\GetSoftwareInstallPath.vcxproj", "{9088E4AD-EB47-4B34-8007-327B67D5D606}"
EndProject
Global
	GlobalSection(SolutionConfigurationPlatforms) = preSolution
		Debug|Win32 = Debug|Win32
		Release|Win32 = Release|Win32
	EndGlobalSection
	GlobalSection(ProjectConfigurationPlatforms) = postSolution
		{B8E74CC7-A054-4EFE-8975-2D62F4172AB7}.Debug|Win32.ActiveCfg = Debug|Win32
		{B8E74CC7-A054-4EFE-8975-2D62F4172AB7}.Debug|Win32.Build.0 = Debug|Win32
		{B8E74CC7-A054-4EFE-8975-2D62F4172AB7}.Release|Win32.ActiveCfg = Release|Win32
		{B8E74CC7-A054-4EFE-8975-2D62F4172AB7}.Release|Win32.Build.0 = Release|Win32
		{DC261101-B4AA-42BB-A077-BB35EDBE4397}.Debug|Win32.ActiveCfg = Debug|Win32
		{DC261101-B4AA-42BB-A077-BB35EDBE4397}.Debug|Win32.Build.0 = Debug|Win32
		{DC261101-B4AA-42BB-A077-BB35EDBE4397}.Release|Win32.ActiveCfg = Release|Win32
		{DC261101-B4AA-42BB-A077-BB35EDBE4397}.Release|Win32.Build.0 = Release|Win32
		{967B6489-F60A-48DB-BCA0-31270B88EFE4}.Debug|Win32.ActiveCfg = Debug|Win32
		{967B6489-F60A-48DB-BCA0-31270B88EFE4}.Debug|Win32.Build.0 = Debug|Win32
		{967B6489-F60A-48DB-BCA0-31270B88EFE4}.Release|Win32.ActiveCfg = Release|Win32
		{967B6489-F60A-48DB-BCA0-31270B88EFE4}.Release|Win32.Build.0 = Release|Win32
		{6FCDE427-25C7-4941-9FD7-9022163AF6EF}.Debug|Win32.ActiveCfg = Debug|Win32
		{6FCDE427-25C7-4941-9FD7-9022163AF6EF}.Debug|Win32.Build.0 = Debug|Win32
		{6FCDE427-25C7-4941-9FD7-9022163AF6EF}.Release|Win32.ActiveCfg = Release|Win32
		{6FCDE427-25C7-4941-9FD7-9022163AF6EF}.Release|Win32.Build.0 = Release|Win32
		{9D0FD44F-0C1F-4305-86D4-6D4410196219}.Debug|Win32.ActiveCfg = Debug|Win32
		{9D0FD44F-0C1F-4305-86D4-6D4410196219}.Debug|Win32.Build.0 = Debug|Win32
		{9D0FD44F-0C1F-4305-86D4-6D4410196219}.Release|Win32.ActiveCfg = Release|Win32
		{9D0FD44F-0C1F-4305-86D4-6D4410196219}.Release|Win32.Build.0 = Release|Win32
		{6742E295-D961-4BF7-9EEA-0DC1295C5712}.Debug|Win32.ActiveCfg = Debug|Win32
		{6742E295-D961-4BF7-9EEA-0DC1295C5712}.Debug|Win32.Build.0 = Debug|Win32
		{6742E295-D961-4BF7-9EEA-0DC1295C5712}.Release|Win32.ActiveCfg = Release|Win32
		{6742E295-D961-4BF7-9EEA-0DC1295C5712}.Release|Win32.Build.0 = Release|Win32
		{96F158A6-9052-4ABF-8734-F35DDBE5F52D}.Debug|Win32.ActiveCfg = Debug|Win32
		{96F158A6-9052-4ABF-8734-F35DDBE5F52D}.Debug|Win32.Build.0 = Debug|Win32
		{96F158A6-9052-4ABF-8734-F35DDBE5F52D}.Release|Win32.ActiveCfg = Release|Win32
		{96F158A6-9052-4ABF-8734-F35DDBE5F52D}.Release|Win32.Build.0 = Release|Win32
		{D47874BB-166B-48D7-9FE9-E6B6725A0904}.Debug|Win32.ActiveCfg = Debug|Win32
		{D47874BB-166B-48D7-9FE9-E6B6725A0904}.Debug|Win32.Build.0 = Debug|Win32
		{D47874BB-166B-48D7-9FE9-E6B6725A0904}.Release|Win32.ActiveCfg = Release|Win32
		{D47874BB-166B-48D7-9FE9-E6B6725A0904}.Release|Win32.Build.0 = Release|Win32
		{C8D35CC5-0B5C-48D2-83E6-D3300BEDEB5F}.Debug|Win32.ActiveCfg = Debug|Win32
		{C8D35CC5-0B5C-48D2-83E6-D3300BEDEB5F}.Debug|Win32.Build.0 = Debug|Win32
		{C8D35CC5-0B5C-48D2-83E6-D3300BEDEB5F}.Release|Win32.ActiveCfg = Release|Win32
		{C8D35CC5-0B5C-48D2-83E6-D3300BEDEB5F}.Release|Win32.Build.0 = Release|Win32
		{0474F8CB-F342-4326-9AE5-715AB5E1D3C2}.Debug|Win32.ActiveCfg = Debug|Win32
		{0474F8CB-F342-4326-9AE5-715AB5E1D3C2}.Debug|Win32.Build.0 = Debug|Win32
		{0474F8CB-F342-4326-9AE5-715AB5E1D3C2}.Release|Win32.ActiveCfg = Release|Win32
		{0474F8CB-F342-4326-9AE5-715AB5E1D3C2}.Release|Win32.Build.0 = Release|Win32
		{D69A0746-A6E2-452E-8FB9-9A3682842105}.Debug|Win32.ActiveCfg = Debug|Win32
		{D69A0746-A6E2-452E-8FB9-9A3682842105}.Debug|Win32.Build.0 = Debug|Win32
		{D69A0746-A6E2-452E-8FB9-9A3682842105}.Release|Win32.ActiveCfg = Release|Win32
		{D69A0746-A6E2-452E-8FB9-9A3682842105}.Release|Win32.Build.0 = Release|Win32
		{C106993C-360B-4D22-906B-36214D2BBA9F}.Debug|Win32.ActiveCfg = Debug|Win32
		{C106993C-360B-4D22-906B-36214D2BBA9F}.Debug|Win32.Build.0 = Debug|Win32
		{C106993C-360B-4D22-906B-36214D2BBA9F}.Release|Win32.ActiveCfg = Release|Win32
		{C106993C-360B-4D22-906B-36214D2BBA9F}.Release|Win32.Build.0 = Release|Win32
		{269631A1-C758-462E-B9E7-260BE33C030D}.Debug|Win32.ActiveCfg = Debug|Win32
		{269631A1-C758-462E-B9E7-260BE33C030D}.Debug|Win32.Build.0 = Debug|Win32
		{269631A1-C758-462E-B9E7-260BE33C030D}.Release|Win32.ActiveCfg = Release|Win32
		{269631A1-C758-462E-B9E7-260BE33C030D}.Release|Win32.Build.0 = Release|Win32
		{A5F507AD-F9F8-4522-99E2-539BE963CD1F}.Debug|Win32.ActiveCfg = Debug|Win32
		{A5F507AD-F9F8-4522-99E2-539BE963CD1F}.Debug|Win32.Build.0 = Debug|Win32
		{A5F507AD-F9F8-4522-99E2-539BE963CD1F}.Release|Win32.ActiveCfg = Release|Win32
		{A5F507AD-F9F8-4522-99E2-539BE963CD1F}.Release|Win32.Build.0 = Release|Win32
		{9DB3D839-17B3-4379-A590-8D3A04C05BC5}.Debug|Win32.ActiveCfg = Debug|Win32
		{9DB3D839-17B3-4379-A590-8D3A04C05BC5}.Debug|Win32.Build.0 = Debug|Win32
		{9DB3D839-17B3-4379-A590-8D3A04C05BC5}.Release|Win32.ActiveCfg = Release|Win32
		{9DB3D839-17B3-4379-A590-8D3A04C05BC5}.Release|Win32.Build.0 = Release|Win32
		{7973E366-47E9-481D-A35F-81C606C2D6FC}.Debug|Win32.ActiveCfg = Debug|Win32
		{7973E366-47E9-481D-A35F-81C606C2D6FC}.Debug|Win32.Build.0 = Debug|Win32
		{7973E366-47E9-481D-A35F-81C606C2D6FC}.Release|Win32.ActiveCfg = Release|Win32
		{7973E366-47E9-481D-A35F-81C606C2D6FC}.Release|Win32.Build.0 = Release|Win32
		{B6E6382E-8398-48C0-AED6-D57B3D803F68}.Debug|Win32.ActiveCfg = Debug|Win32
		{B6E6382E-8398-48C0-AED6-D57B3D803F68}.Debug|Win32.Build.0 = Debug|Win32
		{B6E6382E-8398-48C0-AED6-D57B3D803F68}.Release|Win32.ActiveCfg = Release|Win32
		{B6E6382E-8398-48C0-AED6-D57B3D803F68}.Release|Win32.Build.0 = Release|Win32
		{1E630F52-3818-4735-9A9C-8A827D3516BA}.Debug|Win32.ActiveCfg = Debug|Win32
		{1E630F52-3818-4735-9A9C-8A827D3516BA}.Debug|Win32.Build.0 = Debug|Win32
		{1E630F52-3818-4735-9A9C-8A827D3516BA}.Release|Win32.ActiveCfg = Release|Win32
		{1E630F52-3818-4735-9A9C-8A827D3516BA}.Release|Win32.Build.0 = Release|Win32
		{06A4E391-E555-46BC-A75F-6F5814296119}.Debug|Win32.ActiveCfg = Debug|Win32
		{06A4E391-E555-46BC-A75F-6F5814296119}.Debug|Win32.Build.0 = Debug|Win32
		{06A4E391-E555-46BC-A75F-6F5814296119}.Release|Win32.ActiveCfg = Release|Win32
		{06A4E391-E555-46BC-A75F-6F5814296119}.Release|Win32.Build.0 = Release|Win32
		{FA048B09-E754-4836-91B3-430BFF5C5FC6}.Debug|Win32.ActiveCfg = Debug|Win32
		{FA048B09-E754-4836-91B3-430BFF5C5FC6}.Debug|Win32.Build.0 = Debug|Win32
		{FA048B09-E754-4836-91B3-430BFF5C5FC6}.Release|Win32.ActiveCfg = Release|Win32
		{FA048B09-E754-4836-91B3-430BFF5C5FC6}.Release|Win32.Build.0 = Release|Win32
		{9731BBEE-D2AF-45A0-B2A9-44583BE98C15}.Debug|Win32.ActiveCfg = Debug|Win32
		{9731BBEE-D2AF-45A0-B2A9-44583BE98C15}.Debug|Win32.Build.0 = Debug|Win32
		{9731BBEE-D2AF-45A0-B2A9-44583BE98C15}.Release|Win32.ActiveCfg = Release|Win32
		{9731BBEE-D2AF-45A0-B2A9-44583BE98C15}.Release|Win32.Build.0 = Release|Win32
		{782C1094-3AC0-4F9D-9A39-921F0A4FDEFB}.Debug|Win32.ActiveCfg = Debug|Win32
		{782C1094-3AC0-4F9D-9A39-921F0A4FDEFB}.Debug|Win32.Build.0 = Debug|Win32
		{782C1094-3AC0-4F9D-9A39-921F0A4FDEFB}.Release|Win32.ActiveCfg = Release|Win32
		{782C1094-3AC0-4F9D-9A39-921F0A4FDEFB}.Release|Win32.Build.0 = Release|Win32
		{30AFCFD0-B934-44E9-9924-1C5FF0A4FE55}.Debug|Win32.ActiveCfg = Debug|Win32
		{30AFCFD0-B934-44E9-9924-1C5FF0A4FE55}.Debug|Win32.Build.0 = Debug|Win32
		{30AFCFD0-B934-44E9-9924-1C5FF0A4FE55}.Release|Win32.ActiveCfg = Release|Win32
		{30AFCFD0-B934-44E9-9924-1C5FF0A4FE55}.Release|Win32.Build.0 = Release|Win32
		{DB5F9878-1621-45BE-9F20-379278CA9109}.Debug|Win32.ActiveCfg = Debug|Win32
		{DB5F9878-1621-45BE-9F20-379278CA9109}.Debug|Win32.Build.0 = Debug|Win32
		{DB5F9878-1621-45BE-9F20-379278CA9109}.Release|Win32.ActiveCfg = Release|Win32
		{DB5F9878-1621-45BE-9F20-379278CA9109}.Release|Win32.Build.0 = Release|Win32
		{05953E38-BC68-4F9F-B4C6-1D52BD852399}.Debug|Win32.ActiveCfg = Debug|Win32
		{05953E38-BC68-4F9F-B4C6-1D52BD852399}.Debug|Win32.Build.0 = Debug|Win32
		{05953E38-BC68-4F9F-B4C6-1D52BD852399}.Release|Win32.ActiveCfg = Release|Win32
		{05953E38-BC68-4F9F-B4C6-1D52BD852399}.Release|Win32.Build.0 = Release|Win32
		{5A74D2D1-A7E1-4692-A826-0CE657B79725}.Debug|Win32.ActiveCfg = Debug|Win32
		{5A74D2D1-A7E1-4692-A826-0CE657B79725}.Debug|Win32.Build.0 = Debug|Win32
		{5A74D2D1-A7E1-4692-A826-0CE657B79725}.Release|Win32.ActiveCfg = Release|Win32
		{5A74D2D1-A7E1-4692-A826-0CE657B79725}.Release|Win32.Build.0 = Release|Win32
		{762F6595-9F00-4E6E-A02F-BC5C35D3CF22}.Debug|Win32.ActiveCfg = Debug|Win32
		{762F6595-9F00-4E6E-A02F-BC5C35D3CF22}.Debug|Win32.Build.0 = Debug|Win32
		{762F6595-9F00-4E6E-A02F-BC5C35D3CF22}.Release|Win32.ActiveCfg = Release|Win32
		{762F6595-9F00-4E6E-A02F-BC5C35D3CF22}.Release|Win32.Build.0 = Release|Win32
		{6BEE3714-9FDF-488C-B1A1-504F761932DC}.Debug|Win32.ActiveCfg = Debug|Win32
		{6BEE3714-9FDF-488C-B1A1-504F761932DC}.Debug|Win32.Build.0 = Debug|Win32
		{6BEE3714-9FDF-488C-B1A1-504F761932DC}.Release|Win32.ActiveCfg = Release|Win32
		{6BEE3714-9FDF-488C-B1A1-504F761932DC}.Release|Win32.Build.0 = Release|Win32
		{CBAA2F88-BAD3-478D-AF4B-A36D424442AE}.Debug|Win32.ActiveCfg = Debug|Win32
		{CBAA2F88-BAD3-478D-AF4B-A36D424442AE}.Debug|Win32.Build.0 = Debug|Win32
		{CBAA2F88-BAD3-478D-AF4B-A36D424442AE}.Release|Win32.ActiveCfg = Release|Win32
		{CBAA2F88-BAD3-478D-AF4B-A36D424442AE}.Release|Win32.Build.0 = Release|Win32
		{2145D1C0-D29D-4351-AB03-FA256C4FA1FE}.Debug|Win32.ActiveCfg = Debug|Win32
		{2145D1C0-D29D-4351-AB03-FA256C4FA1FE}.Debug|Win32.Build.0 = Debug|Win32
		{2145D1C0-D29D-4351-AB03-FA256C4FA1FE}.Release|Win32.ActiveCfg = Release|Win32
		{2145D1C0-D29D-4351-AB03-FA256C4FA1FE}.Release|Win32.Build.0 = Release|Win32
		{E6E8AE5D-7656-4D43-8F20-3F85EFEDCDD0}.Debug|Win32.ActiveCfg = Debug|Win32
		{E6E8AE5D-7656-4D43-8F20-3F85EFEDCDD0}.Debug|Win32.Build.0 = Debug|Win32
		{E6E8AE5D-7656-4D43-8F20-3F85EFEDCDD0}.Release|Win32.ActiveCfg = Release|Win32
		{E6E8AE5D-7656-4D43-8F20-3F85EFEDCDD0}.Release|Win32.Build.0 = Release|Win32
		{9088E4AD-EB47-4B34-8007-327B67D5D606}.Debug|Win32.ActiveCfg = Debug|Win32
		{9088E4AD-EB47-4B34-8007-327B67D5D606}.Debug|Win32.Build.0 = Debug|Win32
		{9088E4AD-EB47-4B34-8007-327B67D5D606}.Release|Win32.ActiveCfg = Release|Win32
		{9088E4AD-EB47-4B34-8007-327B67D5D606}.Release|Win32.Build.0 = Release|Win32
	EndGlobalSection
	GlobalSection(SolutionProperties) = preSolution
		HideSolutionNode = FALSE
	EndGlobalSection
	GlobalSection(NestedProjects) = preSolution
		{C8D35CC5-0B5C-48D2-83E6-D3300BEDEB5F} = {85A49192-4A38-49E7-B715-7674071D1C8B}
		{9731BBEE-D2AF-45A0-B2A9-44583BE98C15} = {85A49192-4A38-49E7-B715-7674071D1C8B}
		{30AFCFD0-B934-44E9-9924-1C5FF0A4FE55} = {85A49192-4A38-49E7-B715-7674071D1C8B}
		{B8E74CC7-A054-4EFE-8975-2D62F4172AB7} = {C350C945-AAB6-46DA-8C8C-850CA16D6F66}
		{D69A0746-A6E2-452E-8FB9-9A3682842105} = {F00284F9-6E32-47BA-8555-6C345F2FDFCD}
		{C106993C-360B-4D22-906B-36214D2BBA9F} = {F00284F9-6E32-47BA-8555-6C345F2FDFCD}
		{269631A1-C758-462E-B9E7-260BE33C030D} = {F00284F9-6E32-47BA-8555-6C345F2FDFCD}
		{A5F507AD-F9F8-4522-99E2-539BE963CD1F} = {F00284F9-6E32-47BA-8555-6C345F2FDFCD}
		{4BF9C6BB-78C6-4F4A-B237-6D7A6A249F34} = {E95FF750-0C20-4C83-80E1-0754064D004F}
		{1C4FAC09-EF1D-4D07-A4F4-D917087C7E43} = {E95FF750-0C20-4C83-80E1-0754064D004F}
		{82C8A37A-7E04-4E06-8942-A37CE1B964FF} = {E95FF750-0C20-4C83-80E1-0754064D004F}
		{DC261101-B4AA-42BB-A077-BB35EDBE4397} = {9F939A4D-568E-4FDC-84F8-53EE1937F901}
		{967B6489-F60A-48DB-BCA0-31270B88EFE4} = {9F939A4D-568E-4FDC-84F8-53EE1937F901}
		{6FCDE427-25C7-4941-9FD7-9022163AF6EF} = {4BF9C6BB-78C6-4F4A-B237-6D7A6A249F34}
		{9D0FD44F-0C1F-4305-86D4-6D4410196219} = {1C4FAC09-EF1D-4D07-A4F4-D917087C7E43}
		{6742E295-D961-4BF7-9EEA-0DC1295C5712} = {82C8A37A-7E04-4E06-8942-A37CE1B964FF}
		{96F158A6-9052-4ABF-8734-F35DDBE5F52D} = {340F9F10-2EB0-411A-8FFE-124474C40488}
		{DB5F9878-1621-45BE-9F20-379278CA9109} = {340F9F10-2EB0-411A-8FFE-124474C40488}
		{05953E38-BC68-4F9F-B4C6-1D52BD852399} = {340F9F10-2EB0-411A-8FFE-124474C40488}
		{D47874BB-166B-48D7-9FE9-E6B6725A0904} = {817CADFD-EEDA-4824-916B-47707C23850F}
		{06A4E391-E555-46BC-A75F-6F5814296119} = {817CADFD-EEDA-4824-916B-47707C23850F}
		{762F6595-9F00-4E6E-A02F-BC5C35D3CF22} = {817CADFD-EEDA-4824-916B-47707C23850F}
		{0474F8CB-F342-4326-9AE5-715AB5E1D3C2} = {2B1982D2-4CA7-4E1D-9136-1C60FD544701}
		{2145D1C0-D29D-4351-AB03-FA256C4FA1FE} = {2B1982D2-4CA7-4E1D-9136-1C60FD544701}
		{9DB3D839-17B3-4379-A590-8D3A04C05BC5} = {27F90EDE-D2E2-44E9-9F6E-AC61BE46E784}
		{CBAA2F88-BAD3-478D-AF4B-A36D424442AE} = {F0A289D8-CC4A-4A18-AF0C-CFCB1CB675F0}
		{7973E366-47E9-481D-A35F-81C606C2D6FC} = {50483AD7-22FD-4A73-8BDB-E182E8ADD28A}
		{B6E6382E-8398-48C0-AED6-D57B3D803F68} = {50483AD7-22FD-4A73-8BDB-E182E8ADD28A}
		{1E630F52-3818-4735-9A9C-8A827D3516BA} = {CAFA70B1-FB5C-4AB5-A385-697C1B33B9A6}
		{FA048B09-E754-4836-91B3-430BFF5C5FC6} = {CAFA70B1-FB5C-4AB5-A385-697C1B33B9A6}
		{E6E8AE5D-7656-4D43-8F20-3F85EFEDCDD0} = {CAFA70B1-FB5C-4AB5-A385-697C1B33B9A6}
		{782C1094-3AC0-4F9D-9A39-921F0A4FDEFB} = {AA13B89C-1EE3-425B-952E-58CB4D554F10}
		{5A74D2D1-A7E1-4692-A826-0CE657B79725} = {BE0284B2-764D-4A99-BDF8-A017221316C1}
		{6BEE3714-9FDF-488C-B1A1-504F761932DC} = {244151E5-8C9F-4DC9-BAA9-2EF4842C1672}
		{9088E4AD-EB47-4B34-8007-327B67D5D606} = {DFF08AB7-652D-409F-AF89-49939A8E4184}
	EndGlobalSection
EndGlobal
