
Microsoft Visual Studio Solution File, Format Version 12.00
# Visual Studio 2012
Project("{8BC9CEB8-8B4A-11D0-8D11-00A0C91BC942}") = "IBoostOne", "IBoostOne\IBoostOne.vcxproj", "{B6E6382E-8398-48C0-AED6-D57B3D803F68}"
EndProject
Project("{8BC9CEB8-8B4A-11D0-8D11-00A0C91BC942}") = "IBoostTwo", "IBoostTwo\IBoostTwo.vcxproj", "{B6DCD27B-5925-4206-8952-6E1A3CC01794}"
EndProject
Project("{8BC9CEB8-8B4A-11D0-8D11-00A0C91BC942}") = "IBoostThree", "IBoostThree\IBoostThree.vcxproj", "{4B83D4D1-0AB0-4849-9DDF-4580B673B94F}"
EndProject
Project("{8BC9CEB8-8B4A-11D0-8D11-00A0C91BC942}") = "IBoostFour", "IBoostFour\IBoostFour.vcxproj", "{1877B2B1-6C74-49BE-8233-208516EA8091}"
EndProject
Project("{8BC9CEB8-8B4A-11D0-8D11-00A0C91BC942}") = "IBoostFive", "IBoostFive\IBoostFive.vcxproj", "{A4BD3674-41BF-4601-876D-69D7DCEEF628}"
EndProject
Project("{8BC9CEB8-8B4A-11D0-8D11-00A0C91BC942}") = "IBoostOneHost", "IBoostOneHost\IBoostOneHost.vcxproj", "{B5B324E9-1BC5-4334-B34D-A85C21A5D97A}"
EndProject
Project("{8BC9CEB8-8B4A-11D0-8D11-00A0C91BC942}") = "IBoostTwoHost", "IBoostTwoHost\IBoostTwoHost.vcxproj", "{B825126F-BD34-455A-A79F-BE17C46D2E65}"
EndProject
Project("{8BC9CEB8-8B4A-11D0-8D11-00A0C91BC942}") = "IBoostThreeHost", "IBoostThreeHost\IBoostThreeHost.vcxproj", "{C2D63C1A-363F-4D6B-8546-D834B17CF13F}"
EndProject
Project("{8BC9CEB8-8B4A-11D0-8D11-00A0C91BC942}") = "IBoostFourHost", "IBoostFourHost\IBoostFourHost.vcxproj", "{A0B95C35-1AF8-4806-AB85-E65088B14C9A}"
EndProject
Project("{8BC9CEB8-8B4A-11D0-8D11-00A0C91BC942}") = "IBoostFiveHost", "IBoostFiveHost\IBoostFiveHost.vcxproj", "{D6E77184-E46F-41B7-838D-2F3A5E52EC8A}"
EndProject
Project("{8BC9CEB8-8B4A-11D0-8D11-00A0C91BC942}") = "IBoostSixHost", "IBoostSixHost\IBoostSixHost.vcxproj", "{E7E2EFAF-C459-4667-ABE9-6BB1E1B53C82}"
EndProject
Project("{8BC9CEB8-8B4A-11D0-8D11-00A0C91BC942}") = "IBoostOneSyn", "IBoostOneSyn\IBoostOneSyn.vcxproj", "{BBE3237D-240E-4C8D-80F2-E85C36FE1CB5}"
EndProject
Project("{8BC9CEB8-8B4A-11D0-8D11-00A0C91BC942}") = "IBoostTwoSyn", "IBoostTwoSyn\IBoostTwoSyn.vcxproj", "{A26570E4-9462-40C2-A9B9-76D624092928}"
EndProject
Project("{8BC9CEB8-8B4A-11D0-8D11-00A0C91BC942}") = "IBoostThreeSyn", "IBoostThreeSyn\IBoostThreeSyn.vcxproj", "{19379EBE-86A0-4920-BA34-6BC63DF92C41}"
EndProject
Project("{8BC9CEB8-8B4A-11D0-8D11-00A0C91BC942}") = "IBoostFourSyn", "IBoostFourSyn\IBoostFourSyn.vcxproj", "{6C655325-5E41-46BA-949C-CBDC230A3571}"
EndProject
Project("{8BC9CEB8-8B4A-11D0-8D11-00A0C91BC942}") = "IBoostFiveSyn", "IBoostFiveSyn\IBoostFiveSyn.vcxproj", "{C5CCE9A8-C4C1-432B-A0F7-38E27C74D6D6}"
EndProject
Project("{2150E333-8FDC-42A3-9474-1A3956D46DE8}") = "TimeAndDate", "TimeAndDate", "{6FC752AE-3848-4EDF-BB6F-35C7086850AB}"
EndProject
Project("{8BC9CEB8-8B4A-11D0-8D11-00A0C91BC942}") = "TimerOne", "TimerOne\TimerOne.vcxproj", "{9731BBEE-D2AF-45A0-B2A9-44583BE98C15}"
EndProject
Project("{8BC9CEB8-8B4A-11D0-8D11-00A0C91BC942}") = "TimerTwo", "TimerTwo\TimerTwo.vcxproj", "{3CF9047D-3C3B-4CED-87B5-864525A53D58}"
EndProject
Project("{8BC9CEB8-8B4A-11D0-8D11-00A0C91BC942}") = "TimerThree", "TimerThree\TimerThree.vcxproj", "{F5F8EE46-EB12-4A2A-9153-D4B08033B593}"
EndProject
Project("{8BC9CEB8-8B4A-11D0-8D11-00A0C91BC942}") = "TimerFour", "TimerFour\TimerFour.vcxproj", "{6ACDDD39-3082-41F8-BD1D-F41BE7CBE00D}"
EndProject
Project("{8BC9CEB8-8B4A-11D0-8D11-00A0C91BC942}") = "DateOne", "DateOne\DateOne.vcxproj", "{F2BFD140-335D-46A2-A7B7-998D506D18A1}"
EndProject
Project("{8BC9CEB8-8B4A-11D0-8D11-00A0C91BC942}") = "TimerFive", "TimerFive\TimerFive.vcxproj", "{8261E1ED-77DF-4324-BDD6-03BEA51569D7}"
EndProject
Project("{8BC9CEB8-8B4A-11D0-8D11-00A0C91BC942}") = "IBoostPtrOne", "IBoostPtrOne\IBoostPtrOne.vcxproj", "{A2D336A8-3BDA-4988-901F-98406B4102D4}"
EndProject
Project("{8BC9CEB8-8B4A-11D0-8D11-00A0C91BC942}") = "IBoostPtrTwo", "IBoostPtrTwo\IBoostPtrTwo.vcxproj", "{80C9D65D-0863-48B8-93D0-FCDD9AD2FD45}"
EndProject
Project("{2150E333-8FDC-42A3-9474-1A3956D46DE8}") = "SmartPtr", "SmartPtr", "{D954D2AC-098F-40F2-BDF5-1CB0AF5CA79E}"
EndProject
Project("{8BC9CEB8-8B4A-11D0-8D11-00A0C91BC942}") = "IBoostPtrThree", "IBoostPtrThree\IBoostPtrThree.vcxproj", "{40E31A1E-4BC8-4B1A-9690-3ECF6B8C6925}"
EndProject
Project("{8BC9CEB8-8B4A-11D0-8D11-00A0C91BC942}") = "IBoostPtrFour", "IBoostPtrFour\IBoostPtrFour.vcxproj", "{A471C2D6-02AB-40C7-98F0-302820B8D2B2}"
EndProject
Project("{8BC9CEB8-8B4A-11D0-8D11-00A0C91BC942}") = "IBoostPtrFive", "IBoostPtrFive\IBoostPtrFive.vcxproj", "{DBE29643-6258-4E5E-80EE-A8EB93968CA6}"
EndProject
Project("{8BC9CEB8-8B4A-11D0-8D11-00A0C91BC942}") = "IBoostPtrSix", "IBoostPtrSix\IBoostPtrSix.vcxproj", "{8B19BFFD-DDA0-4D77-BFFE-0A03064A83FC}"
EndProject
Project("{8BC9CEB8-8B4A-11D0-8D11-00A0C91BC942}") = "IBoostPtrSeven", "IBoostPtrSeven\IBoostPtrSeven.vcxproj", "{E428E9D2-5D60-4F29-B1A6-494EC77F60A3}"
EndProject
Project("{8BC9CEB8-8B4A-11D0-8D11-00A0C91BC942}") = "IBoostPtrEight", "IBoostPtrEight\IBoostPtrEight.vcxproj", "{588F9A41-A4EC-4C01-A7C2-2E75E12A9511}"
EndProject
Project("{8BC9CEB8-8B4A-11D0-8D11-00A0C91BC942}") = "IBoostPtrNine", "IBoostPtrNine\IBoostPtrNine.vcxproj", "{40716A33-B568-4A50-9AA2-CA6B11403478}"
EndProject
Project("{8BC9CEB8-8B4A-11D0-8D11-00A0C91BC942}") = "IBoostPtrTen", "IBoostPtrTen\IBoostPtrTen.vcxproj", "{CBA8A070-6A63-4EAB-A35C-0D72279E1CAE}"
EndProject
Project("{8BC9CEB8-8B4A-11D0-8D11-00A0C91BC942}") = "IBoostPtrEleven", "IBoostPtrEleven\IBoostPtrEleven.vcxproj", "{AC5E5340-A2B5-4B63-8AF8-B5B6C748D1F1}"
EndProject
Project("{8BC9CEB8-8B4A-11D0-8D11-00A0C91BC942}") = "IBoostPtrTwelve", "IBoostPtrTwelve\IBoostPtrTwelve.vcxproj", "{91E71B08-0802-42F2-87D4-008A07C3A15B}"
EndProject
Project("{8BC9CEB8-8B4A-11D0-8D11-00A0C91BC942}") = "IBoostThirteen", "IBoostThirteen\IBoostThirteen.vcxproj", "{E1338C29-57F9-4BC4-858F-CD3CDDD555E8}"
EndProject
Project("{8BC9CEB8-8B4A-11D0-8D11-00A0C91BC942}") = "IBoostPtrFourteen", "IBoostPtrFourteen\IBoostPtrFourteen.vcxproj", "{50E46F15-DB14-4B4C-9D76-61305122AAD8}"
EndProject
Project("{2150E333-8FDC-42A3-9474-1A3956D46DE8}") = "Pool", "Pool", "{ACBE1063-7C70-490F-B3CC-BA1A0B5118F8}"
EndProject
Project("{8BC9CEB8-8B4A-11D0-8D11-00A0C91BC942}") = "IBoostPoolOne", "IBoostPoolOne\IBoostPoolOne.vcxproj", "{F2D1A47C-8DF8-4669-A120-12780BE12815}"
EndProject
Global
	GlobalSection(SolutionConfigurationPlatforms) = preSolution
		Debug|Win32 = Debug|Win32
		Release|Win32 = Release|Win32
	EndGlobalSection
	GlobalSection(ProjectConfigurationPlatforms) = postSolution
		{B6E6382E-8398-48C0-AED6-D57B3D803F68}.Debug|Win32.ActiveCfg = Debug|Win32
		{B6E6382E-8398-48C0-AED6-D57B3D803F68}.Debug|Win32.Build.0 = Debug|Win32
		{B6E6382E-8398-48C0-AED6-D57B3D803F68}.Release|Win32.ActiveCfg = Release|Win32
		{B6E6382E-8398-48C0-AED6-D57B3D803F68}.Release|Win32.Build.0 = Release|Win32
		{B6DCD27B-5925-4206-8952-6E1A3CC01794}.Debug|Win32.ActiveCfg = Debug|Win32
		{B6DCD27B-5925-4206-8952-6E1A3CC01794}.Debug|Win32.Build.0 = Debug|Win32
		{B6DCD27B-5925-4206-8952-6E1A3CC01794}.Release|Win32.ActiveCfg = Release|Win32
		{B6DCD27B-5925-4206-8952-6E1A3CC01794}.Release|Win32.Build.0 = Release|Win32
		{4B83D4D1-0AB0-4849-9DDF-4580B673B94F}.Debug|Win32.ActiveCfg = Debug|Win32
		{4B83D4D1-0AB0-4849-9DDF-4580B673B94F}.Debug|Win32.Build.0 = Debug|Win32
		{4B83D4D1-0AB0-4849-9DDF-4580B673B94F}.Release|Win32.ActiveCfg = Release|Win32
		{4B83D4D1-0AB0-4849-9DDF-4580B673B94F}.Release|Win32.Build.0 = Release|Win32
		{1877B2B1-6C74-49BE-8233-208516EA8091}.Debug|Win32.ActiveCfg = Debug|Win32
		{1877B2B1-6C74-49BE-8233-208516EA8091}.Debug|Win32.Build.0 = Debug|Win32
		{1877B2B1-6C74-49BE-8233-208516EA8091}.Release|Win32.ActiveCfg = Release|Win32
		{1877B2B1-6C74-49BE-8233-208516EA8091}.Release|Win32.Build.0 = Release|Win32
		{A4BD3674-41BF-4601-876D-69D7DCEEF628}.Debug|Win32.ActiveCfg = Debug|Win32
		{A4BD3674-41BF-4601-876D-69D7DCEEF628}.Debug|Win32.Build.0 = Debug|Win32
		{A4BD3674-41BF-4601-876D-69D7DCEEF628}.Release|Win32.ActiveCfg = Release|Win32
		{A4BD3674-41BF-4601-876D-69D7DCEEF628}.Release|Win32.Build.0 = Release|Win32
		{B5B324E9-1BC5-4334-B34D-A85C21A5D97A}.Debug|Win32.ActiveCfg = Debug|Win32
		{B5B324E9-1BC5-4334-B34D-A85C21A5D97A}.Debug|Win32.Build.0 = Debug|Win32
		{B5B324E9-1BC5-4334-B34D-A85C21A5D97A}.Release|Win32.ActiveCfg = Release|Win32
		{B5B324E9-1BC5-4334-B34D-A85C21A5D97A}.Release|Win32.Build.0 = Release|Win32
		{B825126F-BD34-455A-A79F-BE17C46D2E65}.Debug|Win32.ActiveCfg = Debug|Win32
		{B825126F-BD34-455A-A79F-BE17C46D2E65}.Debug|Win32.Build.0 = Debug|Win32
		{B825126F-BD34-455A-A79F-BE17C46D2E65}.Release|Win32.ActiveCfg = Release|Win32
		{B825126F-BD34-455A-A79F-BE17C46D2E65}.Release|Win32.Build.0 = Release|Win32
		{C2D63C1A-363F-4D6B-8546-D834B17CF13F}.Debug|Win32.ActiveCfg = Debug|Win32
		{C2D63C1A-363F-4D6B-8546-D834B17CF13F}.Debug|Win32.Build.0 = Debug|Win32
		{C2D63C1A-363F-4D6B-8546-D834B17CF13F}.Release|Win32.ActiveCfg = Release|Win32
		{C2D63C1A-363F-4D6B-8546-D834B17CF13F}.Release|Win32.Build.0 = Release|Win32
		{A0B95C35-1AF8-4806-AB85-E65088B14C9A}.Debug|Win32.ActiveCfg = Debug|Win32
		{A0B95C35-1AF8-4806-AB85-E65088B14C9A}.Debug|Win32.Build.0 = Debug|Win32
		{A0B95C35-1AF8-4806-AB85-E65088B14C9A}.Release|Win32.ActiveCfg = Release|Win32
		{A0B95C35-1AF8-4806-AB85-E65088B14C9A}.Release|Win32.Build.0 = Release|Win32
		{D6E77184-E46F-41B7-838D-2F3A5E52EC8A}.Debug|Win32.ActiveCfg = Debug|Win32
		{D6E77184-E46F-41B7-838D-2F3A5E52EC8A}.Debug|Win32.Build.0 = Debug|Win32
		{D6E77184-E46F-41B7-838D-2F3A5E52EC8A}.Release|Win32.ActiveCfg = Release|Win32
		{D6E77184-E46F-41B7-838D-2F3A5E52EC8A}.Release|Win32.Build.0 = Release|Win32
		{E7E2EFAF-C459-4667-ABE9-6BB1E1B53C82}.Debug|Win32.ActiveCfg = Debug|Win32
		{E7E2EFAF-C459-4667-ABE9-6BB1E1B53C82}.Debug|Win32.Build.0 = Debug|Win32
		{E7E2EFAF-C459-4667-ABE9-6BB1E1B53C82}.Release|Win32.ActiveCfg = Release|Win32
		{E7E2EFAF-C459-4667-ABE9-6BB1E1B53C82}.Release|Win32.Build.0 = Release|Win32
		{BBE3237D-240E-4C8D-80F2-E85C36FE1CB5}.Debug|Win32.ActiveCfg = Debug|Win32
		{BBE3237D-240E-4C8D-80F2-E85C36FE1CB5}.Debug|Win32.Build.0 = Debug|Win32
		{BBE3237D-240E-4C8D-80F2-E85C36FE1CB5}.Release|Win32.ActiveCfg = Release|Win32
		{BBE3237D-240E-4C8D-80F2-E85C36FE1CB5}.Release|Win32.Build.0 = Release|Win32
		{A26570E4-9462-40C2-A9B9-76D624092928}.Debug|Win32.ActiveCfg = Debug|Win32
		{A26570E4-9462-40C2-A9B9-76D624092928}.Debug|Win32.Build.0 = Debug|Win32
		{A26570E4-9462-40C2-A9B9-76D624092928}.Release|Win32.ActiveCfg = Release|Win32
		{A26570E4-9462-40C2-A9B9-76D624092928}.Release|Win32.Build.0 = Release|Win32
		{19379EBE-86A0-4920-BA34-6BC63DF92C41}.Debug|Win32.ActiveCfg = Debug|Win32
		{19379EBE-86A0-4920-BA34-6BC63DF92C41}.Debug|Win32.Build.0 = Debug|Win32
		{19379EBE-86A0-4920-BA34-6BC63DF92C41}.Release|Win32.ActiveCfg = Release|Win32
		{19379EBE-86A0-4920-BA34-6BC63DF92C41}.Release|Win32.Build.0 = Release|Win32
		{6C655325-5E41-46BA-949C-CBDC230A3571}.Debug|Win32.ActiveCfg = Debug|Win32
		{6C655325-5E41-46BA-949C-CBDC230A3571}.Debug|Win32.Build.0 = Debug|Win32
		{6C655325-5E41-46BA-949C-CBDC230A3571}.Release|Win32.ActiveCfg = Release|Win32
		{6C655325-5E41-46BA-949C-CBDC230A3571}.Release|Win32.Build.0 = Release|Win32
		{C5CCE9A8-C4C1-432B-A0F7-38E27C74D6D6}.Debug|Win32.ActiveCfg = Debug|Win32
		{C5CCE9A8-C4C1-432B-A0F7-38E27C74D6D6}.Debug|Win32.Build.0 = Debug|Win32
		{C5CCE9A8-C4C1-432B-A0F7-38E27C74D6D6}.Release|Win32.ActiveCfg = Release|Win32
		{C5CCE9A8-C4C1-432B-A0F7-38E27C74D6D6}.Release|Win32.Build.0 = Release|Win32
		{9731BBEE-D2AF-45A0-B2A9-44583BE98C15}.Debug|Win32.ActiveCfg = Debug|Win32
		{9731BBEE-D2AF-45A0-B2A9-44583BE98C15}.Debug|Win32.Build.0 = Debug|Win32
		{9731BBEE-D2AF-45A0-B2A9-44583BE98C15}.Release|Win32.ActiveCfg = Release|Win32
		{9731BBEE-D2AF-45A0-B2A9-44583BE98C15}.Release|Win32.Build.0 = Release|Win32
		{3CF9047D-3C3B-4CED-87B5-864525A53D58}.Debug|Win32.ActiveCfg = Debug|Win32
		{3CF9047D-3C3B-4CED-87B5-864525A53D58}.Debug|Win32.Build.0 = Debug|Win32
		{3CF9047D-3C3B-4CED-87B5-864525A53D58}.Release|Win32.ActiveCfg = Release|Win32
		{3CF9047D-3C3B-4CED-87B5-864525A53D58}.Release|Win32.Build.0 = Release|Win32
		{F5F8EE46-EB12-4A2A-9153-D4B08033B593}.Debug|Win32.ActiveCfg = Debug|Win32
		{F5F8EE46-EB12-4A2A-9153-D4B08033B593}.Debug|Win32.Build.0 = Debug|Win32
		{F5F8EE46-EB12-4A2A-9153-D4B08033B593}.Release|Win32.ActiveCfg = Release|Win32
		{F5F8EE46-EB12-4A2A-9153-D4B08033B593}.Release|Win32.Build.0 = Release|Win32
		{6ACDDD39-3082-41F8-BD1D-F41BE7CBE00D}.Debug|Win32.ActiveCfg = Debug|Win32
		{6ACDDD39-3082-41F8-BD1D-F41BE7CBE00D}.Debug|Win32.Build.0 = Debug|Win32
		{6ACDDD39-3082-41F8-BD1D-F41BE7CBE00D}.Release|Win32.ActiveCfg = Release|Win32
		{6ACDDD39-3082-41F8-BD1D-F41BE7CBE00D}.Release|Win32.Build.0 = Release|Win32
		{F2BFD140-335D-46A2-A7B7-998D506D18A1}.Debug|Win32.ActiveCfg = Debug|Win32
		{F2BFD140-335D-46A2-A7B7-998D506D18A1}.Debug|Win32.Build.0 = Debug|Win32
		{F2BFD140-335D-46A2-A7B7-998D506D18A1}.Release|Win32.ActiveCfg = Release|Win32
		{F2BFD140-335D-46A2-A7B7-998D506D18A1}.Release|Win32.Build.0 = Release|Win32
		{8261E1ED-77DF-4324-BDD6-03BEA51569D7}.Debug|Win32.ActiveCfg = Debug|Win32
		{8261E1ED-77DF-4324-BDD6-03BEA51569D7}.Debug|Win32.Build.0 = Debug|Win32
		{8261E1ED-77DF-4324-BDD6-03BEA51569D7}.Release|Win32.ActiveCfg = Release|Win32
		{8261E1ED-77DF-4324-BDD6-03BEA51569D7}.Release|Win32.Build.0 = Release|Win32
		{A2D336A8-3BDA-4988-901F-98406B4102D4}.Debug|Win32.ActiveCfg = Debug|Win32
		{A2D336A8-3BDA-4988-901F-98406B4102D4}.Debug|Win32.Build.0 = Debug|Win32
		{A2D336A8-3BDA-4988-901F-98406B4102D4}.Release|Win32.ActiveCfg = Release|Win32
		{A2D336A8-3BDA-4988-901F-98406B4102D4}.Release|Win32.Build.0 = Release|Win32
		{80C9D65D-0863-48B8-93D0-FCDD9AD2FD45}.Debug|Win32.ActiveCfg = Debug|Win32
		{80C9D65D-0863-48B8-93D0-FCDD9AD2FD45}.Debug|Win32.Build.0 = Debug|Win32
		{80C9D65D-0863-48B8-93D0-FCDD9AD2FD45}.Release|Win32.ActiveCfg = Release|Win32
		{80C9D65D-0863-48B8-93D0-FCDD9AD2FD45}.Release|Win32.Build.0 = Release|Win32
		{40E31A1E-4BC8-4B1A-9690-3ECF6B8C6925}.Debug|Win32.ActiveCfg = Debug|Win32
		{40E31A1E-4BC8-4B1A-9690-3ECF6B8C6925}.Debug|Win32.Build.0 = Debug|Win32
		{40E31A1E-4BC8-4B1A-9690-3ECF6B8C6925}.Release|Win32.ActiveCfg = Release|Win32
		{40E31A1E-4BC8-4B1A-9690-3ECF6B8C6925}.Release|Win32.Build.0 = Release|Win32
		{A471C2D6-02AB-40C7-98F0-302820B8D2B2}.Debug|Win32.ActiveCfg = Debug|Win32
		{A471C2D6-02AB-40C7-98F0-302820B8D2B2}.Debug|Win32.Build.0 = Debug|Win32
		{A471C2D6-02AB-40C7-98F0-302820B8D2B2}.Release|Win32.ActiveCfg = Release|Win32
		{A471C2D6-02AB-40C7-98F0-302820B8D2B2}.Release|Win32.Build.0 = Release|Win32
		{DBE29643-6258-4E5E-80EE-A8EB93968CA6}.Debug|Win32.ActiveCfg = Debug|Win32
		{DBE29643-6258-4E5E-80EE-A8EB93968CA6}.Debug|Win32.Build.0 = Debug|Win32
		{DBE29643-6258-4E5E-80EE-A8EB93968CA6}.Release|Win32.ActiveCfg = Release|Win32
		{DBE29643-6258-4E5E-80EE-A8EB93968CA6}.Release|Win32.Build.0 = Release|Win32
		{8B19BFFD-DDA0-4D77-BFFE-0A03064A83FC}.Debug|Win32.ActiveCfg = Debug|Win32
		{8B19BFFD-DDA0-4D77-BFFE-0A03064A83FC}.Debug|Win32.Build.0 = Debug|Win32
		{8B19BFFD-DDA0-4D77-BFFE-0A03064A83FC}.Release|Win32.ActiveCfg = Release|Win32
		{8B19BFFD-DDA0-4D77-BFFE-0A03064A83FC}.Release|Win32.Build.0 = Release|Win32
		{E428E9D2-5D60-4F29-B1A6-494EC77F60A3}.Debug|Win32.ActiveCfg = Debug|Win32
		{E428E9D2-5D60-4F29-B1A6-494EC77F60A3}.Debug|Win32.Build.0 = Debug|Win32
		{E428E9D2-5D60-4F29-B1A6-494EC77F60A3}.Release|Win32.ActiveCfg = Release|Win32
		{E428E9D2-5D60-4F29-B1A6-494EC77F60A3}.Release|Win32.Build.0 = Release|Win32
		{588F9A41-A4EC-4C01-A7C2-2E75E12A9511}.Debug|Win32.ActiveCfg = Debug|Win32
		{588F9A41-A4EC-4C01-A7C2-2E75E12A9511}.Debug|Win32.Build.0 = Debug|Win32
		{588F9A41-A4EC-4C01-A7C2-2E75E12A9511}.Release|Win32.ActiveCfg = Release|Win32
		{588F9A41-A4EC-4C01-A7C2-2E75E12A9511}.Release|Win32.Build.0 = Release|Win32
		{40716A33-B568-4A50-9AA2-CA6B11403478}.Debug|Win32.ActiveCfg = Debug|Win32
		{40716A33-B568-4A50-9AA2-CA6B11403478}.Debug|Win32.Build.0 = Debug|Win32
		{40716A33-B568-4A50-9AA2-CA6B11403478}.Release|Win32.ActiveCfg = Release|Win32
		{40716A33-B568-4A50-9AA2-CA6B11403478}.Release|Win32.Build.0 = Release|Win32
		{CBA8A070-6A63-4EAB-A35C-0D72279E1CAE}.Debug|Win32.ActiveCfg = Debug|Win32
		{CBA8A070-6A63-4EAB-A35C-0D72279E1CAE}.Debug|Win32.Build.0 = Debug|Win32
		{CBA8A070-6A63-4EAB-A35C-0D72279E1CAE}.Release|Win32.ActiveCfg = Release|Win32
		{CBA8A070-6A63-4EAB-A35C-0D72279E1CAE}.Release|Win32.Build.0 = Release|Win32
		{AC5E5340-A2B5-4B63-8AF8-B5B6C748D1F1}.Debug|Win32.ActiveCfg = Debug|Win32
		{AC5E5340-A2B5-4B63-8AF8-B5B6C748D1F1}.Debug|Win32.Build.0 = Debug|Win32
		{AC5E5340-A2B5-4B63-8AF8-B5B6C748D1F1}.Release|Win32.ActiveCfg = Release|Win32
		{AC5E5340-A2B5-4B63-8AF8-B5B6C748D1F1}.Release|Win32.Build.0 = Release|Win32
		{91E71B08-0802-42F2-87D4-008A07C3A15B}.Debug|Win32.ActiveCfg = Debug|Win32
		{91E71B08-0802-42F2-87D4-008A07C3A15B}.Debug|Win32.Build.0 = Debug|Win32
		{91E71B08-0802-42F2-87D4-008A07C3A15B}.Release|Win32.ActiveCfg = Release|Win32
		{91E71B08-0802-42F2-87D4-008A07C3A15B}.Release|Win32.Build.0 = Release|Win32
		{E1338C29-57F9-4BC4-858F-CD3CDDD555E8}.Debug|Win32.ActiveCfg = Debug|Win32
		{E1338C29-57F9-4BC4-858F-CD3CDDD555E8}.Debug|Win32.Build.0 = Debug|Win32
		{E1338C29-57F9-4BC4-858F-CD3CDDD555E8}.Release|Win32.ActiveCfg = Release|Win32
		{E1338C29-57F9-4BC4-858F-CD3CDDD555E8}.Release|Win32.Build.0 = Release|Win32
		{50E46F15-DB14-4B4C-9D76-61305122AAD8}.Debug|Win32.ActiveCfg = Debug|Win32
		{50E46F15-DB14-4B4C-9D76-61305122AAD8}.Debug|Win32.Build.0 = Debug|Win32
		{50E46F15-DB14-4B4C-9D76-61305122AAD8}.Release|Win32.ActiveCfg = Release|Win32
		{50E46F15-DB14-4B4C-9D76-61305122AAD8}.Release|Win32.Build.0 = Release|Win32
		{F2D1A47C-8DF8-4669-A120-12780BE12815}.Debug|Win32.ActiveCfg = Debug|Win32
		{F2D1A47C-8DF8-4669-A120-12780BE12815}.Debug|Win32.Build.0 = Debug|Win32
		{F2D1A47C-8DF8-4669-A120-12780BE12815}.Release|Win32.ActiveCfg = Release|Win32
		{F2D1A47C-8DF8-4669-A120-12780BE12815}.Release|Win32.Build.0 = Release|Win32
	EndGlobalSection
	GlobalSection(SolutionProperties) = preSolution
		HideSolutionNode = FALSE
	EndGlobalSection
	GlobalSection(NestedProjects) = preSolution
		{9731BBEE-D2AF-45A0-B2A9-44583BE98C15} = {6FC752AE-3848-4EDF-BB6F-35C7086850AB}
		{3CF9047D-3C3B-4CED-87B5-864525A53D58} = {6FC752AE-3848-4EDF-BB6F-35C7086850AB}
		{F5F8EE46-EB12-4A2A-9153-D4B08033B593} = {6FC752AE-3848-4EDF-BB6F-35C7086850AB}
		{6ACDDD39-3082-41F8-BD1D-F41BE7CBE00D} = {6FC752AE-3848-4EDF-BB6F-35C7086850AB}
		{F2BFD140-335D-46A2-A7B7-998D506D18A1} = {6FC752AE-3848-4EDF-BB6F-35C7086850AB}
		{8261E1ED-77DF-4324-BDD6-03BEA51569D7} = {6FC752AE-3848-4EDF-BB6F-35C7086850AB}
		{A2D336A8-3BDA-4988-901F-98406B4102D4} = {D954D2AC-098F-40F2-BDF5-1CB0AF5CA79E}
		{80C9D65D-0863-48B8-93D0-FCDD9AD2FD45} = {D954D2AC-098F-40F2-BDF5-1CB0AF5CA79E}
		{40E31A1E-4BC8-4B1A-9690-3ECF6B8C6925} = {D954D2AC-098F-40F2-BDF5-1CB0AF5CA79E}
		{A471C2D6-02AB-40C7-98F0-302820B8D2B2} = {D954D2AC-098F-40F2-BDF5-1CB0AF5CA79E}
		{DBE29643-6258-4E5E-80EE-A8EB93968CA6} = {D954D2AC-098F-40F2-BDF5-1CB0AF5CA79E}
		{8B19BFFD-DDA0-4D77-BFFE-0A03064A83FC} = {D954D2AC-098F-40F2-BDF5-1CB0AF5CA79E}
		{E428E9D2-5D60-4F29-B1A6-494EC77F60A3} = {D954D2AC-098F-40F2-BDF5-1CB0AF5CA79E}
		{588F9A41-A4EC-4C01-A7C2-2E75E12A9511} = {D954D2AC-098F-40F2-BDF5-1CB0AF5CA79E}
		{40716A33-B568-4A50-9AA2-CA6B11403478} = {D954D2AC-098F-40F2-BDF5-1CB0AF5CA79E}
		{CBA8A070-6A63-4EAB-A35C-0D72279E1CAE} = {D954D2AC-098F-40F2-BDF5-1CB0AF5CA79E}
		{AC5E5340-A2B5-4B63-8AF8-B5B6C748D1F1} = {D954D2AC-098F-40F2-BDF5-1CB0AF5CA79E}
		{91E71B08-0802-42F2-87D4-008A07C3A15B} = {D954D2AC-098F-40F2-BDF5-1CB0AF5CA79E}
		{E1338C29-57F9-4BC4-858F-CD3CDDD555E8} = {D954D2AC-098F-40F2-BDF5-1CB0AF5CA79E}
		{50E46F15-DB14-4B4C-9D76-61305122AAD8} = {D954D2AC-098F-40F2-BDF5-1CB0AF5CA79E}
		{F2D1A47C-8DF8-4669-A120-12780BE12815} = {ACBE1063-7C70-490F-B3CC-BA1A0B5118F8}
	EndGlobalSection
EndGlobal
