
Microsoft Visual Studio Solution File, Format Version 12.00
# Visual Studio 2012
Project("{8BC9CEB8-8B4A-11D0-8D11-00A0C91BC942}") = "IBoostOne", "IBoostOne\IBoostOne.vcxproj", "{B6E6382E-8398-48C0-AED6-D57B3D803F68}"
EndProject
Project("{8BC9CEB8-8B4A-11D0-8D11-00A0C91BC942}") = "IBoostTwo", "IBoostTwo\IBoostTwo.vcxproj", "{B6DCD27B-5925-4206-8952-6E1A3CC01794}"
EndProject
Project("{8BC9CEB8-8B4A-11D0-8D11-00A0C91BC942}") = "IBoostThree", "IBoostThree\IBoostThree.vcxproj", "{4B83D4D1-0AB0-4849-9DDF-4580B673B94F}"
EndProject
Project("{8BC9CEB8-8B4A-11D0-8D11-00A0C91BC942}") = "IBoostFour", "IBoostFour\IBoostFour.vcxproj", "{1877B2B1-6C74-49BE-8233-208516EA8091}"
EndProject
Project("{8BC9CEB8-8B4A-11D0-8D11-00A0C91BC942}") = "IBoostFive", "IBoostFive\IBoostFive.vcxproj", "{A4BD3674-41BF-4601-876D-69D7DCEEF628}"
EndProject
Project("{8BC9CEB8-8B4A-11D0-8D11-00A0C91BC942}") = "IBoostOneHost", "IBoostOneHost\IBoostOneHost.vcxproj", "{B5B324E9-1BC5-4334-B34D-A85C21A5D97A}"
EndProject
Project("{8BC9CEB8-8B4A-11D0-8D11-00A0C91BC942}") = "IBoostTwoHost", "IBoostTwoHost\IBoostTwoHost.vcxproj", "{B825126F-BD34-455A-A79F-BE17C46D2E65}"
EndProject
Project("{8BC9CEB8-8B4A-11D0-8D11-00A0C91BC942}") = "IBoostThreeHost", "IBoostThreeHost\IBoostThreeHost.vcxproj", "{C2D63C1A-363F-4D6B-8546-D834B17CF13F}"
EndProject
Project("{8BC9CEB8-8B4A-11D0-8D11-00A0C91BC942}") = "IBoostFourHost", "IBoostFourHost\IBoostFourHost.vcxproj", "{A0B95C35-1AF8-4806-AB85-E65088B14C9A}"
EndProject
Project("{8BC9CEB8-8B4A-11D0-8D11-00A0C91BC942}") = "IBoostFiveHost", "IBoostFiveHost\IBoostFiveHost.vcxproj", "{D6E77184-E46F-41B7-838D-2F3A5E52EC8A}"
EndProject
Project("{8BC9CEB8-8B4A-11D0-8D11-00A0C91BC942}") = "IBoostSixHost", "IBoostSixHost\IBoostSixHost.vcxproj", "{E7E2EFAF-C459-4667-ABE9-6BB1E1B53C82}"
EndProject
Project("{8BC9CEB8-8B4A-11D0-8D11-00A0C91BC942}") = "IBoostOneSyn", "IBoostOneSyn\IBoostOneSyn.vcxproj", "{BBE3237D-240E-4C8D-80F2-E85C36FE1CB5}"
EndProject
Project("{8BC9CEB8-8B4A-11D0-8D11-00A0C91BC942}") = "IBoostTwoSyn", "IBoostTwoSyn\IBoostTwoSyn.vcxproj", "{A26570E4-9462-40C2-A9B9-76D624092928}"
EndProject
Project("{8BC9CEB8-8B4A-11D0-8D11-00A0C91BC942}") = "IBoostThreeSyn", "IBoostThreeSyn\IBoostThreeSyn.vcxproj", "{19379EBE-86A0-4920-BA34-6BC63DF92C41}"
EndProject
Project("{8BC9CEB8-8B4A-11D0-8D11-00A0C91BC942}") = "IBoostFourSyn", "IBoostFourSyn\IBoostFourSyn.vcxproj", "{6C655325-5E41-46BA-949C-CBDC230A3571}"
EndProject
Project("{8BC9CEB8-8B4A-11D0-8D11-00A0C91BC942}") = "IBoostFiveSyn", "IBoostFiveSyn\IBoostFiveSyn.vcxproj", "{C5CCE9A8-C4C1-432B-A0F7-38E27C74D6D6}"
EndProject
Project("{2150E333-8FDC-42A3-9474-1A3956D46DE8}") = "TimeAndDate", "TimeAndDate", "{6FC752AE-3848-4EDF-BB6F-35C7086850AB}"
EndProject
Project("{8BC9CEB8-8B4A-11D0-8D11-00A0C91BC942}") = "TimerOne", "TimerOne\TimerOne.vcxproj", "{9731BBEE-D2AF-45A0-B2A9-44583BE98C15}"
EndProject
Project("{8BC9CEB8-8B4A-11D0-8D11-00A0C91BC942}") = "TimerTwo", "TimerTwo\TimerTwo.vcxproj", "{3CF9047D-3C3B-4CED-87B5-864525A53D58}"
EndProject
Project("{8BC9CEB8-8B4A-11D0-8D11-00A0C91BC942}") = "TimerThree", "TimerThree\TimerThree.vcxproj", "{F5F8EE46-EB12-4A2A-9153-D4B08033B593}"
EndProject
Project("{8BC9CEB8-8B4A-11D0-8D11-00A0C91BC942}") = "TimerFour", "TimerFour\TimerFour.vcxproj", "{6ACDDD39-3082-41F8-BD1D-F41BE7CBE00D}"
EndProject
Project("{8BC9CEB8-8B4A-11D0-8D11-00A0C91BC942}") = "DateOne", "DateOne\DateOne.vcxproj", "{F2BFD140-335D-46A2-A7B7-998D506D18A1}"
EndProject
Project("{8BC9CEB8-8B4A-11D0-8D11-00A0C91BC942}") = "TimerFive", "TimerFive\TimerFive.vcxproj", "{8261E1ED-77DF-4324-BDD6-03BEA51569D7}"
EndProject
Global
	GlobalSection(SolutionConfigurationPlatforms) = preSolution
		Debug|Win32 = Debug|Win32
		Release|Win32 = Release|Win32
	EndGlobalSection
	GlobalSection(ProjectConfigurationPlatforms) = postSolution
		{B6E6382E-8398-48C0-AED6-D57B3D803F68}.Debug|Win32.ActiveCfg = Debug|Win32
		{B6E6382E-8398-48C0-AED6-D57B3D803F68}.Debug|Win32.Build.0 = Debug|Win32
		{B6E6382E-8398-48C0-AED6-D57B3D803F68}.Release|Win32.ActiveCfg = Release|Win32
		{B6E6382E-8398-48C0-AED6-D57B3D803F68}.Release|Win32.Build.0 = Release|Win32
		{B6DCD27B-5925-4206-8952-6E1A3CC01794}.Debug|Win32.ActiveCfg = Debug|Win32
		{B6DCD27B-5925-4206-8952-6E1A3CC01794}.Debug|Win32.Build.0 = Debug|Win32
		{B6DCD27B-5925-4206-8952-6E1A3CC01794}.Release|Win32.ActiveCfg = Release|Win32
		{B6DCD27B-5925-4206-8952-6E1A3CC01794}.Release|Win32.Build.0 = Release|Win32
		{4B83D4D1-0AB0-4849-9DDF-4580B673B94F}.Debug|Win32.ActiveCfg = Debug|Win32
		{4B83D4D1-0AB0-4849-9DDF-4580B673B94F}.Debug|Win32.Build.0 = Debug|Win32
		{4B83D4D1-0AB0-4849-9DDF-4580B673B94F}.Release|Win32.ActiveCfg = Release|Win32
		{4B83D4D1-0AB0-4849-9DDF-4580B673B94F}.Release|Win32.Build.0 = Release|Win32
		{1877B2B1-6C74-49BE-8233-208516EA8091}.Debug|Win32.ActiveCfg = Debug|Win32
		{1877B2B1-6C74-49BE-8233-208516EA8091}.Debug|Win32.Build.0 = Debug|Win32
		{1877B2B1-6C74-49BE-8233-208516EA8091}.Release|Win32.ActiveCfg = Release|Win32
		{1877B2B1-6C74-49BE-8233-208516EA8091}.Release|Win32.Build.0 = Release|Win32
		{A4BD3674-41BF-4601-876D-69D7DCEEF628}.Debug|Win32.ActiveCfg = Debug|Win32
		{A4BD3674-41BF-4601-876D-69D7DCEEF628}.Debug|Win32.Build.0 = Debug|Win32
		{A4BD3674-41BF-4601-876D-69D7DCEEF628}.Release|Win32.ActiveCfg = Release|Win32
		{A4BD3674-41BF-4601-876D-69D7DCEEF628}.Release|Win32.Build.0 = Release|Win32
		{B5B324E9-1BC5-4334-B34D-A85C21A5D97A}.Debug|Win32.ActiveCfg = Debug|Win32
		{B5B324E9-1BC5-4334-B34D-A85C21A5D97A}.Debug|Win32.Build.0 = Debug|Win32
		{B5B324E9-1BC5-4334-B34D-A85C21A5D97A}.Release|Win32.ActiveCfg = Release|Win32
		{B5B324E9-1BC5-4334-B34D-A85C21A5D97A}.Release|Win32.Build.0 = Release|Win32
		{B825126F-BD34-455A-A79F-BE17C46D2E65}.Debug|Win32.ActiveCfg = Debug|Win32
		{B825126F-BD34-455A-A79F-BE17C46D2E65}.Debug|Win32.Build.0 = Debug|Win32
		{B825126F-BD34-455A-A79F-BE17C46D2E65}.Release|Win32.ActiveCfg = Release|Win32
		{B825126F-BD34-455A-A79F-BE17C46D2E65}.Release|Win32.Build.0 = Release|Win32
		{C2D63C1A-363F-4D6B-8546-D834B17CF13F}.Debug|Win32.ActiveCfg = Debug|Win32
		{C2D63C1A-363F-4D6B-8546-D834B17CF13F}.Debug|Win32.Build.0 = Debug|Win32
		{C2D63C1A-363F-4D6B-8546-D834B17CF13F}.Release|Win32.ActiveCfg = Release|Win32
		{C2D63C1A-363F-4D6B-8546-D834B17CF13F}.Release|Win32.Build.0 = Release|Win32
		{A0B95C35-1AF8-4806-AB85-E65088B14C9A}.Debug|Win32.ActiveCfg = Debug|Win32
		{A0B95C35-1AF8-4806-AB85-E65088B14C9A}.Debug|Win32.Build.0 = Debug|Win32
		{A0B95C35-1AF8-4806-AB85-E65088B14C9A}.Release|Win32.ActiveCfg = Release|Win32
		{A0B95C35-1AF8-4806-AB85-E65088B14C9A}.Release|Win32.Build.0 = Release|Win32
		{D6E77184-E46F-41B7-838D-2F3A5E52EC8A}.Debug|Win32.ActiveCfg = Debug|Win32
		{D6E77184-E46F-41B7-838D-2F3A5E52EC8A}.Debug|Win32.Build.0 = Debug|Win32
		{D6E77184-E46F-41B7-838D-2F3A5E52EC8A}.Release|Win32.ActiveCfg = Release|Win32
		{D6E77184-E46F-41B7-838D-2F3A5E52EC8A}.Release|Win32.Build.0 = Release|Win32
		{E7E2EFAF-C459-4667-ABE9-6BB1E1B53C82}.Debug|Win32.ActiveCfg = Debug|Win32
		{E7E2EFAF-C459-4667-ABE9-6BB1E1B53C82}.Debug|Win32.Build.0 = Debug|Win32
		{E7E2EFAF-C459-4667-ABE9-6BB1E1B53C82}.Release|Win32.ActiveCfg = Release|Win32
		{E7E2EFAF-C459-4667-ABE9-6BB1E1B53C82}.Release|Win32.Build.0 = Release|Win32
		{BBE3237D-240E-4C8D-80F2-E85C36FE1CB5}.Debug|Win32.ActiveCfg = Debug|Win32
		{BBE3237D-240E-4C8D-80F2-E85C36FE1CB5}.Debug|Win32.Build.0 = Debug|Win32
		{BBE3237D-240E-4C8D-80F2-E85C36FE1CB5}.Release|Win32.ActiveCfg = Release|Win32
		{BBE3237D-240E-4C8D-80F2-E85C36FE1CB5}.Release|Win32.Build.0 = Release|Win32
		{A26570E4-9462-40C2-A9B9-76D624092928}.Debug|Win32.ActiveCfg = Debug|Win32
		{A26570E4-9462-40C2-A9B9-76D624092928}.Debug|Win32.Build.0 = Debug|Win32
		{A26570E4-9462-40C2-A9B9-76D624092928}.Release|Win32.ActiveCfg = Release|Win32
		{A26570E4-9462-40C2-A9B9-76D624092928}.Release|Win32.Build.0 = Release|Win32
		{19379EBE-86A0-4920-BA34-6BC63DF92C41}.Debug|Win32.ActiveCfg = Debug|Win32
		{19379EBE-86A0-4920-BA34-6BC63DF92C41}.Debug|Win32.Build.0 = Debug|Win32
		{19379EBE-86A0-4920-BA34-6BC63DF92C41}.Release|Win32.ActiveCfg = Release|Win32
		{19379EBE-86A0-4920-BA34-6BC63DF92C41}.Release|Win32.Build.0 = Release|Win32
		{6C655325-5E41-46BA-949C-CBDC230A3571}.Debug|Win32.ActiveCfg = Debug|Win32
		{6C655325-5E41-46BA-949C-CBDC230A3571}.Debug|Win32.Build.0 = Debug|Win32
		{6C655325-5E41-46BA-949C-CBDC230A3571}.Release|Win32.ActiveCfg = Release|Win32
		{6C655325-5E41-46BA-949C-CBDC230A3571}.Release|Win32.Build.0 = Release|Win32
		{C5CCE9A8-C4C1-432B-A0F7-38E27C74D6D6}.Debug|Win32.ActiveCfg = Debug|Win32
		{C5CCE9A8-C4C1-432B-A0F7-38E27C74D6D6}.Debug|Win32.Build.0 = Debug|Win32
		{C5CCE9A8-C4C1-432B-A0F7-38E27C74D6D6}.Release|Win32.ActiveCfg = Release|Win32
		{C5CCE9A8-C4C1-432B-A0F7-38E27C74D6D6}.Release|Win32.Build.0 = Release|Win32
		{9731BBEE-D2AF-45A0-B2A9-44583BE98C15}.Debug|Win32.ActiveCfg = Debug|Win32
		{9731BBEE-D2AF-45A0-B2A9-44583BE98C15}.Debug|Win32.Build.0 = Debug|Win32
		{9731BBEE-D2AF-45A0-B2A9-44583BE98C15}.Release|Win32.ActiveCfg = Release|Win32
		{9731BBEE-D2AF-45A0-B2A9-44583BE98C15}.Release|Win32.Build.0 = Release|Win32
		{3CF9047D-3C3B-4CED-87B5-864525A53D58}.Debug|Win32.ActiveCfg = Debug|Win32
		{3CF9047D-3C3B-4CED-87B5-864525A53D58}.Debug|Win32.Build.0 = Debug|Win32
		{3CF9047D-3C3B-4CED-87B5-864525A53D58}.Release|Win32.ActiveCfg = Release|Win32
		{3CF9047D-3C3B-4CED-87B5-864525A53D58}.Release|Win32.Build.0 = Release|Win32
		{F5F8EE46-EB12-4A2A-9153-D4B08033B593}.Debug|Win32.ActiveCfg = Debug|Win32
		{F5F8EE46-EB12-4A2A-9153-D4B08033B593}.Debug|Win32.Build.0 = Debug|Win32
		{F5F8EE46-EB12-4A2A-9153-D4B08033B593}.Release|Win32.ActiveCfg = Release|Win32
		{F5F8EE46-EB12-4A2A-9153-D4B08033B593}.Release|Win32.Build.0 = Release|Win32
		{6ACDDD39-3082-41F8-BD1D-F41BE7CBE00D}.Debug|Win32.ActiveCfg = Debug|Win32
		{6ACDDD39-3082-41F8-BD1D-F41BE7CBE00D}.Debug|Win32.Build.0 = Debug|Win32
		{6ACDDD39-3082-41F8-BD1D-F41BE7CBE00D}.Release|Win32.ActiveCfg = Release|Win32
		{6ACDDD39-3082-41F8-BD1D-F41BE7CBE00D}.Release|Win32.Build.0 = Release|Win32
		{F2BFD140-335D-46A2-A7B7-998D506D18A1}.Debug|Win32.ActiveCfg = Debug|Win32
		{F2BFD140-335D-46A2-A7B7-998D506D18A1}.Debug|Win32.Build.0 = Debug|Win32
		{F2BFD140-335D-46A2-A7B7-998D506D18A1}.Release|Win32.ActiveCfg = Release|Win32
		{F2BFD140-335D-46A2-A7B7-998D506D18A1}.Release|Win32.Build.0 = Release|Win32
		{8261E1ED-77DF-4324-BDD6-03BEA51569D7}.Debug|Win32.ActiveCfg = Debug|Win32
		{8261E1ED-77DF-4324-BDD6-03BEA51569D7}.Debug|Win32.Build.0 = Debug|Win32
		{8261E1ED-77DF-4324-BDD6-03BEA51569D7}.Release|Win32.ActiveCfg = Release|Win32
		{8261E1ED-77DF-4324-BDD6-03BEA51569D7}.Release|Win32.Build.0 = Release|Win32
	EndGlobalSection
	GlobalSection(SolutionProperties) = preSolution
		HideSolutionNode = FALSE
	EndGlobalSection
	GlobalSection(NestedProjects) = preSolution
		{9731BBEE-D2AF-45A0-B2A9-44583BE98C15} = {6FC752AE-3848-4EDF-BB6F-35C7086850AB}
		{3CF9047D-3C3B-4CED-87B5-864525A53D58} = {6FC752AE-3848-4EDF-BB6F-35C7086850AB}
		{F5F8EE46-EB12-4A2A-9153-D4B08033B593} = {6FC752AE-3848-4EDF-BB6F-35C7086850AB}
		{6ACDDD39-3082-41F8-BD1D-F41BE7CBE00D} = {6FC752AE-3848-4EDF-BB6F-35C7086850AB}
		{F2BFD140-335D-46A2-A7B7-998D506D18A1} = {6FC752AE-3848-4EDF-BB6F-35C7086850AB}
		{8261E1ED-77DF-4324-BDD6-03BEA51569D7} = {6FC752AE-3848-4EDF-BB6F-35C7086850AB}
	EndGlobalSection
EndGlobal
