
Microsoft Visual Studio Solution File, Format Version 12.00
# Visual Studio 2012
Project("{8BC9CEB8-8B4A-11D0-8D11-00A0C91BC942}") = "FunctionAndCallbackOne", "FunctionAndCallbackOne\FunctionAndCallbackOne.vcxproj", "{6FCDE427-25C7-4941-9FD7-9022163AF6EF}"
EndProject
Project("{8BC9CEB8-8B4A-11D0-8D11-00A0C91BC942}") = "FunctionAndCallbackTwo", "FunctionAndCallbackTwo\FunctionAndCallbackTwo.vcxproj", "{2739BB9D-CB2B-44D8-A308-6E69289ABD0B}"
EndProject
Project("{8BC9CEB8-8B4A-11D0-8D11-00A0C91BC942}") = "FunctionAndCallbackThree", "FunctionAndCallbackThree\FunctionAndCallbackThree.vcxproj", "{2434CDE1-8FBB-451D-B83C-31D382579B1D}"
EndProject
Project("{8BC9CEB8-8B4A-11D0-8D11-00A0C91BC942}") = "FunctionAndCallbackFour", "FunctionAndCallbackFour\FunctionAndCallbackFour.vcxproj", "{222B5E90-8E83-4032-A396-B5B22619F23E}"
EndProject
Project("{8BC9CEB8-8B4A-11D0-8D11-00A0C91BC942}") = "FunctionAndCallbackFive", "FunctionAndCallbackFive\FunctionAndCallbackFive.vcxproj", "{BC26B7FC-ED81-4988-8837-C108B782A763}"
EndProject
Project("{8BC9CEB8-8B4A-11D0-8D11-00A0C91BC942}") = "FunctionAndCallbackSix", "FunctionAndCallbackSix\FunctionAndCallbackSix.vcxproj", "{3A11F7CC-9631-4A27-A793-CC3F93CC286D}"
EndProject
Project("{2150E333-8FDC-42A3-9474-1A3956D46DE8}") = "FunctionAndCallback", "FunctionAndCallback", "{4A7C4D0E-9D28-4866-AC21-DEB055779D92}"
EndProject
Project("{2150E333-8FDC-42A3-9474-1A3956D46DE8}") = "Metaprogram", "Metaprogram", "{1BB92CFC-5C40-4015-8ED8-56493AB234AF}"
EndProject
Project("{8BC9CEB8-8B4A-11D0-8D11-00A0C91BC942}") = "MetaOne", "MetaOne\MetaOne.vcxproj", "{B6C7346F-8948-47FE-BA09-DFA8A27BB3A0}"
EndProject
Project("{8BC9CEB8-8B4A-11D0-8D11-00A0C91BC942}") = "MetaTwo", "MetaTwo\MetaTwo.vcxproj", "{70FC7705-EEAF-4F14-A815-27FAE79D0D5B}"
EndProject
Project("{8BC9CEB8-8B4A-11D0-8D11-00A0C91BC942}") = "MetaThree", "MetaThree\MetaThree.vcxproj", "{43B8EC8A-A234-4C98-8DCC-62F6E658E421}"
EndProject
Project("{2150E333-8FDC-42A3-9474-1A3956D46DE8}") = "SmartPtr", "SmartPtr", "{E2F5D720-F1DF-4243-B599-7DEB6E7FE768}"
EndProject
Project("{8BC9CEB8-8B4A-11D0-8D11-00A0C91BC942}") = "SmartPtrOne", "SmartPtrOne\SmartPtrOne.vcxproj", "{1EABF509-15D7-4167-A66C-E6099D31112E}"
EndProject
Project("{2150E333-8FDC-42A3-9474-1A3956D46DE8}") = "TraitAndPolicy", "TraitAndPolicy", "{5FB5DE2D-8180-4F99-9C63-DE7B891055D5}"
EndProject
Project("{8BC9CEB8-8B4A-11D0-8D11-00A0C91BC942}") = "TraitAndPolicyOne", "TraitAndPolicyOne\TraitAndPolicyOne.vcxproj", "{797AE735-D4D1-4ADC-ABA0-ECC420C556FB}"
EndProject
Project("{8BC9CEB8-8B4A-11D0-8D11-00A0C91BC942}") = "TraitAndPolicyTwo", "TraitAndPolicyTwo\TraitAndPolicyTwo.vcxproj", "{1B04817C-8374-450B-A347-5BDD45AC3DDD}"
EndProject
Project("{8BC9CEB8-8B4A-11D0-8D11-00A0C91BC942}") = "TraitAndPolicyThree", "TraitAndPolicyThree\TraitAndPolicyThree.vcxproj", "{E824106B-F2D2-45D6-A916-0EFE0B66192A}"
EndProject
Global
	GlobalSection(SolutionConfigurationPlatforms) = preSolution
		Debug|Win32 = Debug|Win32
		Release|Win32 = Release|Win32
	EndGlobalSection
	GlobalSection(ProjectConfigurationPlatforms) = postSolution
		{6FCDE427-25C7-4941-9FD7-9022163AF6EF}.Debug|Win32.ActiveCfg = Debug|Win32
		{6FCDE427-25C7-4941-9FD7-9022163AF6EF}.Debug|Win32.Build.0 = Debug|Win32
		{6FCDE427-25C7-4941-9FD7-9022163AF6EF}.Release|Win32.ActiveCfg = Release|Win32
		{6FCDE427-25C7-4941-9FD7-9022163AF6EF}.Release|Win32.Build.0 = Release|Win32
		{2739BB9D-CB2B-44D8-A308-6E69289ABD0B}.Debug|Win32.ActiveCfg = Debug|Win32
		{2739BB9D-CB2B-44D8-A308-6E69289ABD0B}.Debug|Win32.Build.0 = Debug|Win32
		{2739BB9D-CB2B-44D8-A308-6E69289ABD0B}.Release|Win32.ActiveCfg = Release|Win32
		{2739BB9D-CB2B-44D8-A308-6E69289ABD0B}.Release|Win32.Build.0 = Release|Win32
		{2434CDE1-8FBB-451D-B83C-31D382579B1D}.Debug|Win32.ActiveCfg = Debug|Win32
		{2434CDE1-8FBB-451D-B83C-31D382579B1D}.Debug|Win32.Build.0 = Debug|Win32
		{2434CDE1-8FBB-451D-B83C-31D382579B1D}.Release|Win32.ActiveCfg = Release|Win32
		{2434CDE1-8FBB-451D-B83C-31D382579B1D}.Release|Win32.Build.0 = Release|Win32
		{222B5E90-8E83-4032-A396-B5B22619F23E}.Debug|Win32.ActiveCfg = Debug|Win32
		{222B5E90-8E83-4032-A396-B5B22619F23E}.Debug|Win32.Build.0 = Debug|Win32
		{222B5E90-8E83-4032-A396-B5B22619F23E}.Release|Win32.ActiveCfg = Release|Win32
		{222B5E90-8E83-4032-A396-B5B22619F23E}.Release|Win32.Build.0 = Release|Win32
		{BC26B7FC-ED81-4988-8837-C108B782A763}.Debug|Win32.ActiveCfg = Debug|Win32
		{BC26B7FC-ED81-4988-8837-C108B782A763}.Debug|Win32.Build.0 = Debug|Win32
		{BC26B7FC-ED81-4988-8837-C108B782A763}.Release|Win32.ActiveCfg = Release|Win32
		{BC26B7FC-ED81-4988-8837-C108B782A763}.Release|Win32.Build.0 = Release|Win32
		{3A11F7CC-9631-4A27-A793-CC3F93CC286D}.Debug|Win32.ActiveCfg = Debug|Win32
		{3A11F7CC-9631-4A27-A793-CC3F93CC286D}.Debug|Win32.Build.0 = Debug|Win32
		{3A11F7CC-9631-4A27-A793-CC3F93CC286D}.Release|Win32.ActiveCfg = Release|Win32
		{3A11F7CC-9631-4A27-A793-CC3F93CC286D}.Release|Win32.Build.0 = Release|Win32
		{B6C7346F-8948-47FE-BA09-DFA8A27BB3A0}.Debug|Win32.ActiveCfg = Debug|Win32
		{B6C7346F-8948-47FE-BA09-DFA8A27BB3A0}.Debug|Win32.Build.0 = Debug|Win32
		{B6C7346F-8948-47FE-BA09-DFA8A27BB3A0}.Release|Win32.ActiveCfg = Release|Win32
		{B6C7346F-8948-47FE-BA09-DFA8A27BB3A0}.Release|Win32.Build.0 = Release|Win32
		{70FC7705-EEAF-4F14-A815-27FAE79D0D5B}.Debug|Win32.ActiveCfg = Debug|Win32
		{70FC7705-EEAF-4F14-A815-27FAE79D0D5B}.Debug|Win32.Build.0 = Debug|Win32
		{70FC7705-EEAF-4F14-A815-27FAE79D0D5B}.Release|Win32.ActiveCfg = Release|Win32
		{70FC7705-EEAF-4F14-A815-27FAE79D0D5B}.Release|Win32.Build.0 = Release|Win32
		{43B8EC8A-A234-4C98-8DCC-62F6E658E421}.Debug|Win32.ActiveCfg = Debug|Win32
		{43B8EC8A-A234-4C98-8DCC-62F6E658E421}.Debug|Win32.Build.0 = Debug|Win32
		{43B8EC8A-A234-4C98-8DCC-62F6E658E421}.Release|Win32.ActiveCfg = Release|Win32
		{43B8EC8A-A234-4C98-8DCC-62F6E658E421}.Release|Win32.Build.0 = Release|Win32
		{1EABF509-15D7-4167-A66C-E6099D31112E}.Debug|Win32.ActiveCfg = Debug|Win32
		{1EABF509-15D7-4167-A66C-E6099D31112E}.Debug|Win32.Build.0 = Debug|Win32
		{1EABF509-15D7-4167-A66C-E6099D31112E}.Release|Win32.ActiveCfg = Release|Win32
		{1EABF509-15D7-4167-A66C-E6099D31112E}.Release|Win32.Build.0 = Release|Win32
		{797AE735-D4D1-4ADC-ABA0-ECC420C556FB}.Debug|Win32.ActiveCfg = Debug|Win32
		{797AE735-D4D1-4ADC-ABA0-ECC420C556FB}.Debug|Win32.Build.0 = Debug|Win32
		{797AE735-D4D1-4ADC-ABA0-ECC420C556FB}.Release|Win32.ActiveCfg = Release|Win32
		{797AE735-D4D1-4ADC-ABA0-ECC420C556FB}.Release|Win32.Build.0 = Release|Win32
		{1B04817C-8374-450B-A347-5BDD45AC3DDD}.Debug|Win32.ActiveCfg = Debug|Win32
		{1B04817C-8374-450B-A347-5BDD45AC3DDD}.Debug|Win32.Build.0 = Debug|Win32
		{1B04817C-8374-450B-A347-5BDD45AC3DDD}.Release|Win32.ActiveCfg = Release|Win32
		{1B04817C-8374-450B-A347-5BDD45AC3DDD}.Release|Win32.Build.0 = Release|Win32
		{E824106B-F2D2-45D6-A916-0EFE0B66192A}.Debug|Win32.ActiveCfg = Debug|Win32
		{E824106B-F2D2-45D6-A916-0EFE0B66192A}.Debug|Win32.Build.0 = Debug|Win32
		{E824106B-F2D2-45D6-A916-0EFE0B66192A}.Release|Win32.ActiveCfg = Release|Win32
		{E824106B-F2D2-45D6-A916-0EFE0B66192A}.Release|Win32.Build.0 = Release|Win32
	EndGlobalSection
	GlobalSection(SolutionProperties) = preSolution
		HideSolutionNode = FALSE
	EndGlobalSection
	GlobalSection(NestedProjects) = preSolution
		{2739BB9D-CB2B-44D8-A308-6E69289ABD0B} = {4A7C4D0E-9D28-4866-AC21-DEB055779D92}
		{2434CDE1-8FBB-451D-B83C-31D382579B1D} = {4A7C4D0E-9D28-4866-AC21-DEB055779D92}
		{222B5E90-8E83-4032-A396-B5B22619F23E} = {4A7C4D0E-9D28-4866-AC21-DEB055779D92}
		{BC26B7FC-ED81-4988-8837-C108B782A763} = {4A7C4D0E-9D28-4866-AC21-DEB055779D92}
		{3A11F7CC-9631-4A27-A793-CC3F93CC286D} = {4A7C4D0E-9D28-4866-AC21-DEB055779D92}
		{6FCDE427-25C7-4941-9FD7-9022163AF6EF} = {4A7C4D0E-9D28-4866-AC21-DEB055779D92}
		{B6C7346F-8948-47FE-BA09-DFA8A27BB3A0} = {1BB92CFC-5C40-4015-8ED8-56493AB234AF}
		{70FC7705-EEAF-4F14-A815-27FAE79D0D5B} = {1BB92CFC-5C40-4015-8ED8-56493AB234AF}
		{43B8EC8A-A234-4C98-8DCC-62F6E658E421} = {1BB92CFC-5C40-4015-8ED8-56493AB234AF}
		{1EABF509-15D7-4167-A66C-E6099D31112E} = {E2F5D720-F1DF-4243-B599-7DEB6E7FE768}
		{797AE735-D4D1-4ADC-ABA0-ECC420C556FB} = {5FB5DE2D-8180-4F99-9C63-DE7B891055D5}
		{1B04817C-8374-450B-A347-5BDD45AC3DDD} = {5FB5DE2D-8180-4F99-9C63-DE7B891055D5}
		{E824106B-F2D2-45D6-A916-0EFE0B66192A} = {5FB5DE2D-8180-4F99-9C63-DE7B891055D5}
	EndGlobalSection
EndGlobal
