
Microsoft Visual Studio Solution File, Format Version 12.00
# Visual Studio 2012
Project("{8BC9CEB8-8B4A-11D0-8D11-00A0C91BC942}") = "CArchive", "CArchive\CArchive.vcxproj", "{01FE08D5-FEE9-4224-8844-3CA678E49F5D}"
EndProject
Project("{8BC9CEB8-8B4A-11D0-8D11-00A0C91BC942}") = "Fibo", "Fibo\Fibo.vcxproj", "{91D445BA-092B-4C54-A2A3-32D933A4FEBC}"
EndProject
Project("{8BC9CEB8-8B4A-11D0-8D11-00A0C91BC942}") = "FrameOne", "FrameOne\FrameOne.vcxproj", "{DB5F9878-1621-45BE-9F20-379278CA9109}"
EndProject
Project("{8BC9CEB8-8B4A-11D0-8D11-00A0C91BC942}") = "FrameTwo", "FrameTwo\FrameTwo.vcxproj", "{BD4147EB-A4A5-40D8-8FAD-4283D19380D7}"
EndProject
Project("{8BC9CEB8-8B4A-11D0-8D11-00A0C91BC942}") = "CRuntimeClass", "CRuntimeClass\CRuntimeClass.vcxproj", "{17669942-CBA0-4428-B1CE-F44E10642A91}"
EndProject
Project("{8BC9CEB8-8B4A-11D0-8D11-00A0C91BC942}") = "FrameThree", "FrameThree\FrameThree.vcxproj", "{EAF56CE5-2BFD-46A6-88D0-36A9B5F9ED08}"
EndProject
Project("{8BC9CEB8-8B4A-11D0-8D11-00A0C91BC942}") = "FrameFour", "FrameFour\FrameFour.vcxproj", "{39A0E348-C321-4B6D-91AA-AA6A7D33FF45}"
EndProject
Project("{8BC9CEB8-8B4A-11D0-8D11-00A0C91BC942}") = "FrameFive", "FrameFive\FrameFive.vcxproj", "{D73F7312-2D2C-43FC-A407-A90ABDFE86B3}"
EndProject
Project("{8BC9CEB8-8B4A-11D0-8D11-00A0C91BC942}") = "HelloMFC", "HelloMFC\HelloMFC.vcxproj", "{5E6264DB-EBB2-4B31-B23D-33286130D551}"
EndProject
Project("{8BC9CEB8-8B4A-11D0-8D11-00A0C91BC942}") = "transparent", "transparent\transparent.vcxproj", "{1128A86D-2D90-43ED-9773-051A31898430}"
EndProject
Global
	GlobalSection(SolutionConfigurationPlatforms) = preSolution
		Debug|Win32 = Debug|Win32
		Release|Win32 = Release|Win32
	EndGlobalSection
	GlobalSection(ProjectConfigurationPlatforms) = postSolution
		{01FE08D5-FEE9-4224-8844-3CA678E49F5D}.Debug|Win32.ActiveCfg = Debug|Win32
		{01FE08D5-FEE9-4224-8844-3CA678E49F5D}.Debug|Win32.Build.0 = Debug|Win32
		{01FE08D5-FEE9-4224-8844-3CA678E49F5D}.Release|Win32.ActiveCfg = Release|Win32
		{01FE08D5-FEE9-4224-8844-3CA678E49F5D}.Release|Win32.Build.0 = Release|Win32
		{91D445BA-092B-4C54-A2A3-32D933A4FEBC}.Debug|Win32.ActiveCfg = Debug|Win32
		{91D445BA-092B-4C54-A2A3-32D933A4FEBC}.Debug|Win32.Build.0 = Debug|Win32
		{91D445BA-092B-4C54-A2A3-32D933A4FEBC}.Release|Win32.ActiveCfg = Release|Win32
		{91D445BA-092B-4C54-A2A3-32D933A4FEBC}.Release|Win32.Build.0 = Release|Win32
		{DB5F9878-1621-45BE-9F20-379278CA9109}.Debug|Win32.ActiveCfg = Debug|Win32
		{DB5F9878-1621-45BE-9F20-379278CA9109}.Debug|Win32.Build.0 = Debug|Win32
		{DB5F9878-1621-45BE-9F20-379278CA9109}.Release|Win32.ActiveCfg = Release|Win32
		{DB5F9878-1621-45BE-9F20-379278CA9109}.Release|Win32.Build.0 = Release|Win32
		{BD4147EB-A4A5-40D8-8FAD-4283D19380D7}.Debug|Win32.ActiveCfg = Debug|Win32
		{BD4147EB-A4A5-40D8-8FAD-4283D19380D7}.Debug|Win32.Build.0 = Debug|Win32
		{BD4147EB-A4A5-40D8-8FAD-4283D19380D7}.Release|Win32.ActiveCfg = Release|Win32
		{BD4147EB-A4A5-40D8-8FAD-4283D19380D7}.Release|Win32.Build.0 = Release|Win32
		{17669942-CBA0-4428-B1CE-F44E10642A91}.Debug|Win32.ActiveCfg = Debug|Win32
		{17669942-CBA0-4428-B1CE-F44E10642A91}.Debug|Win32.Build.0 = Debug|Win32
		{17669942-CBA0-4428-B1CE-F44E10642A91}.Release|Win32.ActiveCfg = Release|Win32
		{17669942-CBA0-4428-B1CE-F44E10642A91}.Release|Win32.Build.0 = Release|Win32
		{EAF56CE5-2BFD-46A6-88D0-36A9B5F9ED08}.Debug|Win32.ActiveCfg = Debug|Win32
		{EAF56CE5-2BFD-46A6-88D0-36A9B5F9ED08}.Debug|Win32.Build.0 = Debug|Win32
		{EAF56CE5-2BFD-46A6-88D0-36A9B5F9ED08}.Release|Win32.ActiveCfg = Release|Win32
		{EAF56CE5-2BFD-46A6-88D0-36A9B5F9ED08}.Release|Win32.Build.0 = Release|Win32
		{39A0E348-C321-4B6D-91AA-AA6A7D33FF45}.Debug|Win32.ActiveCfg = Debug|Win32
		{39A0E348-C321-4B6D-91AA-AA6A7D33FF45}.Debug|Win32.Build.0 = Debug|Win32
		{39A0E348-C321-4B6D-91AA-AA6A7D33FF45}.Release|Win32.ActiveCfg = Release|Win32
		{39A0E348-C321-4B6D-91AA-AA6A7D33FF45}.Release|Win32.Build.0 = Release|Win32
		{D73F7312-2D2C-43FC-A407-A90ABDFE86B3}.Debug|Win32.ActiveCfg = Debug|Win32
		{D73F7312-2D2C-43FC-A407-A90ABDFE86B3}.Debug|Win32.Build.0 = Debug|Win32
		{D73F7312-2D2C-43FC-A407-A90ABDFE86B3}.Release|Win32.ActiveCfg = Release|Win32
		{D73F7312-2D2C-43FC-A407-A90ABDFE86B3}.Release|Win32.Build.0 = Release|Win32
		{5E6264DB-EBB2-4B31-B23D-33286130D551}.Debug|Win32.ActiveCfg = Debug|Win32
		{5E6264DB-EBB2-4B31-B23D-33286130D551}.Debug|Win32.Build.0 = Debug|Win32
		{5E6264DB-EBB2-4B31-B23D-33286130D551}.Release|Win32.ActiveCfg = Release|Win32
		{5E6264DB-EBB2-4B31-B23D-33286130D551}.Release|Win32.Build.0 = Release|Win32
		{1128A86D-2D90-43ED-9773-051A31898430}.Debug|Win32.ActiveCfg = Debug|Win32
		{1128A86D-2D90-43ED-9773-051A31898430}.Debug|Win32.Build.0 = Debug|Win32
		{1128A86D-2D90-43ED-9773-051A31898430}.Release|Win32.ActiveCfg = Release|Win32
		{1128A86D-2D90-43ED-9773-051A31898430}.Release|Win32.Build.0 = Release|Win32
	EndGlobalSection
	GlobalSection(SolutionProperties) = preSolution
		HideSolutionNode = FALSE
	EndGlobalSection
EndGlobal
