
Microsoft Visual Studio Solution File, Format Version 10.00
# Visual Studio 2008
Project("{8BC9CEB8-8B4A-11D0-8D11-00A0C91BC942}") = "STL", "STL\STL.vcproj", "{8A600DF5-0F22-470C-8035-3EB2E2B9295E}"
EndProject
Project("{8BC9CEB8-8B4A-11D0-8D11-00A0C91BC942}") = "STLOne", "STLOne\STLOne.vcproj", "{CA60CA35-D9A0-46C6-91FE-D1BE1065233A}"
EndProject
Project("{8BC9CEB8-8B4A-11D0-8D11-00A0C91BC942}") = "STLTwo", "STLTwo\STLTwo.vcproj", "{21876864-E497-4F83-987D-D7D01EAAFBCC}"
EndProject
Project("{8BC9CEB8-8B4A-11D0-8D11-00A0C91BC942}") = "STLThree", "STLThree\STLThree.vcproj", "{B8810E02-995E-4027-908B-3A0426876AB3}"
EndProject
Project("{8BC9CEB8-8B4A-11D0-8D11-00A0C91BC942}") = "STLFour", "STLFour\STLFour.vcproj", "{C91F72ED-A17B-4DF5-84EC-7318EAE01BE4}"
EndProject
Project("{8BC9CEB8-8B4A-11D0-8D11-00A0C91BC942}") = "STLFive", "STLFive\STLFive.vcproj", "{77C04CA8-7C92-4026-9F5A-25F6D3AE9836}"
EndProject
Project("{8BC9CEB8-8B4A-11D0-8D11-00A0C91BC942}") = "STLALLOC", "STLALLOC\STLALLOC.vcproj", "{DAA4B529-52BD-4F55-8C77-7024DD1D9549}"
EndProject
Project("{8BC9CEB8-8B4A-11D0-8D11-00A0C91BC942}") = "STLUnion", "STLUnion\STLUnion.vcproj", "{FBC4A4C8-AF42-4E92-80F1-56BD3996BFDC}"
EndProject
Project("{8BC9CEB8-8B4A-11D0-8D11-00A0C91BC942}") = "STLUninitialized_copy", "STLUninitialized_copy\STLUninitialized_copy.vcproj", "{0243E018-DB4F-4237-8FA1-9FFB5D6D9BC1}"
EndProject
Project("{8BC9CEB8-8B4A-11D0-8D11-00A0C91BC942}") = "STLUninitialized_fill", "STLUninitialized_fill\STLUninitialized_fill.vcproj", "{7B42819D-2922-4BCB-821B-83A2D738B005}"
EndProject
Project("{8BC9CEB8-8B4A-11D0-8D11-00A0C91BC942}") = "STLUninitialized_fill_n", "STLUninitialized_fill_n\STLUninitialized_fill_n.vcproj", "{375CC923-1CC2-4013-BAD9-A9061DDAE509}"
EndProject
Global
	GlobalSection(SolutionConfigurationPlatforms) = preSolution
		Debug|Win32 = Debug|Win32
		Release|Win32 = Release|Win32
	EndGlobalSection
	GlobalSection(ProjectConfigurationPlatforms) = postSolution
		{8A600DF5-0F22-470C-8035-3EB2E2B9295E}.Debug|Win32.ActiveCfg = Debug|Win32
		{8A600DF5-0F22-470C-8035-3EB2E2B9295E}.Debug|Win32.Build.0 = Debug|Win32
		{8A600DF5-0F22-470C-8035-3EB2E2B9295E}.Release|Win32.ActiveCfg = Release|Win32
		{8A600DF5-0F22-470C-8035-3EB2E2B9295E}.Release|Win32.Build.0 = Release|Win32
		{CA60CA35-D9A0-46C6-91FE-D1BE1065233A}.Debug|Win32.ActiveCfg = Debug|Win32
		{CA60CA35-D9A0-46C6-91FE-D1BE1065233A}.Debug|Win32.Build.0 = Debug|Win32
		{CA60CA35-D9A0-46C6-91FE-D1BE1065233A}.Release|Win32.ActiveCfg = Release|Win32
		{CA60CA35-D9A0-46C6-91FE-D1BE1065233A}.Release|Win32.Build.0 = Release|Win32
		{21876864-E497-4F83-987D-D7D01EAAFBCC}.Debug|Win32.ActiveCfg = Debug|Win32
		{21876864-E497-4F83-987D-D7D01EAAFBCC}.Debug|Win32.Build.0 = Debug|Win32
		{21876864-E497-4F83-987D-D7D01EAAFBCC}.Release|Win32.ActiveCfg = Release|Win32
		{21876864-E497-4F83-987D-D7D01EAAFBCC}.Release|Win32.Build.0 = Release|Win32
		{B8810E02-995E-4027-908B-3A0426876AB3}.Debug|Win32.ActiveCfg = Debug|Win32
		{B8810E02-995E-4027-908B-3A0426876AB3}.Debug|Win32.Build.0 = Debug|Win32
		{B8810E02-995E-4027-908B-3A0426876AB3}.Release|Win32.ActiveCfg = Release|Win32
		{B8810E02-995E-4027-908B-3A0426876AB3}.Release|Win32.Build.0 = Release|Win32
		{C91F72ED-A17B-4DF5-84EC-7318EAE01BE4}.Debug|Win32.ActiveCfg = Debug|Win32
		{C91F72ED-A17B-4DF5-84EC-7318EAE01BE4}.Debug|Win32.Build.0 = Debug|Win32
		{C91F72ED-A17B-4DF5-84EC-7318EAE01BE4}.Release|Win32.ActiveCfg = Release|Win32
		{C91F72ED-A17B-4DF5-84EC-7318EAE01BE4}.Release|Win32.Build.0 = Release|Win32
		{77C04CA8-7C92-4026-9F5A-25F6D3AE9836}.Debug|Win32.ActiveCfg = Debug|Win32
		{77C04CA8-7C92-4026-9F5A-25F6D3AE9836}.Debug|Win32.Build.0 = Debug|Win32
		{77C04CA8-7C92-4026-9F5A-25F6D3AE9836}.Release|Win32.ActiveCfg = Release|Win32
		{77C04CA8-7C92-4026-9F5A-25F6D3AE9836}.Release|Win32.Build.0 = Release|Win32
		{DAA4B529-52BD-4F55-8C77-7024DD1D9549}.Debug|Win32.ActiveCfg = Debug|Win32
		{DAA4B529-52BD-4F55-8C77-7024DD1D9549}.Debug|Win32.Build.0 = Debug|Win32
		{DAA4B529-52BD-4F55-8C77-7024DD1D9549}.Release|Win32.ActiveCfg = Release|Win32
		{DAA4B529-52BD-4F55-8C77-7024DD1D9549}.Release|Win32.Build.0 = Release|Win32
		{FBC4A4C8-AF42-4E92-80F1-56BD3996BFDC}.Debug|Win32.ActiveCfg = Debug|Win32
		{FBC4A4C8-AF42-4E92-80F1-56BD3996BFDC}.Debug|Win32.Build.0 = Debug|Win32
		{FBC4A4C8-AF42-4E92-80F1-56BD3996BFDC}.Release|Win32.ActiveCfg = Release|Win32
		{FBC4A4C8-AF42-4E92-80F1-56BD3996BFDC}.Release|Win32.Build.0 = Release|Win32
		{0243E018-DB4F-4237-8FA1-9FFB5D6D9BC1}.Debug|Win32.ActiveCfg = Debug|Win32
		{0243E018-DB4F-4237-8FA1-9FFB5D6D9BC1}.Debug|Win32.Build.0 = Debug|Win32
		{0243E018-DB4F-4237-8FA1-9FFB5D6D9BC1}.Release|Win32.ActiveCfg = Release|Win32
		{0243E018-DB4F-4237-8FA1-9FFB5D6D9BC1}.Release|Win32.Build.0 = Release|Win32
		{7B42819D-2922-4BCB-821B-83A2D738B005}.Debug|Win32.ActiveCfg = Debug|Win32
		{7B42819D-2922-4BCB-821B-83A2D738B005}.Debug|Win32.Build.0 = Debug|Win32
		{7B42819D-2922-4BCB-821B-83A2D738B005}.Release|Win32.ActiveCfg = Release|Win32
		{7B42819D-2922-4BCB-821B-83A2D738B005}.Release|Win32.Build.0 = Release|Win32
		{375CC923-1CC2-4013-BAD9-A9061DDAE509}.Debug|Win32.ActiveCfg = Debug|Win32
		{375CC923-1CC2-4013-BAD9-A9061DDAE509}.Debug|Win32.Build.0 = Debug|Win32
		{375CC923-1CC2-4013-BAD9-A9061DDAE509}.Release|Win32.ActiveCfg = Release|Win32
		{375CC923-1CC2-4013-BAD9-A9061DDAE509}.Release|Win32.Build.0 = Release|Win32
	EndGlobalSection
	GlobalSection(SolutionProperties) = preSolution
		HideSolutionNode = FALSE
	EndGlobalSection
EndGlobal
