
Microsoft Visual Studio Solution File, Format Version 10.00
# Visual Studio 2008
Project("{8BC9CEB8-8B4A-11D0-8D11-00A0C91BC942}") = "STL", "STL\STL.vcproj", "{8A600DF5-0F22-470C-8035-3EB2E2B9295E}"
EndProject
Project("{8BC9CEB8-8B4A-11D0-8D11-00A0C91BC942}") = "STLOne", "STLOne\STLOne.vcproj", "{CA60CA35-D9A0-46C6-91FE-D1BE1065233A}"
EndProject
Project("{8BC9CEB8-8B4A-11D0-8D11-00A0C91BC942}") = "STLTwo", "STLTwo\STLTwo.vcproj", "{21876864-E497-4F83-987D-D7D01EAAFBCC}"
EndProject
Project("{8BC9CEB8-8B4A-11D0-8D11-00A0C91BC942}") = "STLThree", "STLThree\STLThree.vcproj", "{B8810E02-995E-4027-908B-3A0426876AB3}"
EndProject
Project("{8BC9CEB8-8B4A-11D0-8D11-00A0C91BC942}") = "STLFour", "STLFour\STLFour.vcproj", "{C91F72ED-A17B-4DF5-84EC-7318EAE01BE4}"
EndProject
Project("{8BC9CEB8-8B4A-11D0-8D11-00A0C91BC942}") = "STLFive", "STLFive\STLFive.vcproj", "{77C04CA8-7C92-4026-9F5A-25F6D3AE9836}"
EndProject
Project("{8BC9CEB8-8B4A-11D0-8D11-00A0C91BC942}") = "STLALLOC", "STLALLOC\STLALLOC.vcproj", "{DAA4B529-52BD-4F55-8C77-7024DD1D9549}"
EndProject
Project("{8BC9CEB8-8B4A-11D0-8D11-00A0C91BC942}") = "STLUnion", "STLUnion\STLUnion.vcproj", "{FBC4A4C8-AF42-4E92-80F1-56BD3996BFDC}"
EndProject
Project("{8BC9CEB8-8B4A-11D0-8D11-00A0C91BC942}") = "STLUninitialized_copy", "STLUninitialized_copy\STLUninitialized_copy.vcproj", "{0243E018-DB4F-4237-8FA1-9FFB5D6D9BC1}"
EndProject
Project("{8BC9CEB8-8B4A-11D0-8D11-00A0C91BC942}") = "STLUninitialized_fill", "STLUninitialized_fill\STLUninitialized_fill.vcproj", "{7B42819D-2922-4BCB-821B-83A2D738B005}"
EndProject
Project("{8BC9CEB8-8B4A-11D0-8D11-00A0C91BC942}") = "STLUninitialized_fill_n", "STLUninitialized_fill_n\STLUninitialized_fill_n.vcproj", "{375CC923-1CC2-4013-BAD9-A9061DDAE509}"
EndProject
Project("{8BC9CEB8-8B4A-11D0-8D11-00A0C91BC942}") = "STLIteratorOne", "STLIteratorOne\STLIteratorOne.vcproj", "{04B3A26E-1ED4-49D1-AAA0-8EA4618EFB0B}"
EndProject
Project("{8BC9CEB8-8B4A-11D0-8D11-00A0C91BC942}") = "STLIteratorTwo", "STLIteratorTwo\STLIteratorTwo.vcproj", "{7A56102B-1F63-4BF1-8AEE-8B3955462E87}"
EndProject
Project("{8BC9CEB8-8B4A-11D0-8D11-00A0C91BC942}") = "STLIteratorThree", "STLIteratorThree\STLIteratorThree.vcproj", "{146CB159-3177-4F4B-837B-DDD03380B482}"
EndProject
Project("{8BC9CEB8-8B4A-11D0-8D11-00A0C91BC942}") = "STLTraitsOne", "STLTraitsOne\STLTraitsOne.vcproj", "{70462B03-ED1C-4EBA-838A-FD7E7D6D267C}"
EndProject
Project("{8BC9CEB8-8B4A-11D0-8D11-00A0C91BC942}") = "STLVecOne", "STLVecOne\STLVecOne.vcproj", "{62D6B09C-0BE2-4643-86A5-DC31DFEC67F6}"
EndProject
Project("{8BC9CEB8-8B4A-11D0-8D11-00A0C91BC942}") = "STLListOne", "STLListOne\STLListOne.vcproj", "{B63215A0-3CA1-4D73-967D-BE244F8938DE}"
EndProject
Project("{8BC9CEB8-8B4A-11D0-8D11-00A0C91BC942}") = "STLDequeOne", "STLDequeOne\STLDequeOne.vcproj", "{8B195135-95B7-46C4-A26E-9D40AD4C80CE}"
EndProject
Project("{8BC9CEB8-8B4A-11D0-8D11-00A0C91BC942}") = "STLStackOne", "STLStackOne\STLStackOne.vcproj", "{50D4D260-E1A2-40B9-97CD-CE49960CB327}"
EndProject
Project("{8BC9CEB8-8B4A-11D0-8D11-00A0C91BC942}") = "STLQueueOne", "STLQueueOne\STLQueueOne.vcproj", "{7772BB5F-E669-4291-8B17-8FCDFDFC6A27}"
EndProject
Project("{8BC9CEB8-8B4A-11D0-8D11-00A0C91BC942}") = "STLHeapOne", "STLHeapOne\STLHeapOne.vcproj", "{24BA340C-DED4-4377-9E38-3ACAF3AEBF16}"
EndProject
Project("{8BC9CEB8-8B4A-11D0-8D11-00A0C91BC942}") = "STLPriOne", "STLPriOne\STLPriOne.vcproj", "{90307BAB-2175-47F8-AB61-60679F65B630}"
EndProject
Global
	GlobalSection(SolutionConfigurationPlatforms) = preSolution
		Debug|Win32 = Debug|Win32
		Release|Win32 = Release|Win32
	EndGlobalSection
	GlobalSection(ProjectConfigurationPlatforms) = postSolution
		{8A600DF5-0F22-470C-8035-3EB2E2B9295E}.Debug|Win32.ActiveCfg = Debug|Win32
		{8A600DF5-0F22-470C-8035-3EB2E2B9295E}.Debug|Win32.Build.0 = Debug|Win32
		{8A600DF5-0F22-470C-8035-3EB2E2B9295E}.Release|Win32.ActiveCfg = Release|Win32
		{8A600DF5-0F22-470C-8035-3EB2E2B9295E}.Release|Win32.Build.0 = Release|Win32
		{CA60CA35-D9A0-46C6-91FE-D1BE1065233A}.Debug|Win32.ActiveCfg = Debug|Win32
		{CA60CA35-D9A0-46C6-91FE-D1BE1065233A}.Debug|Win32.Build.0 = Debug|Win32
		{CA60CA35-D9A0-46C6-91FE-D1BE1065233A}.Release|Win32.ActiveCfg = Release|Win32
		{CA60CA35-D9A0-46C6-91FE-D1BE1065233A}.Release|Win32.Build.0 = Release|Win32
		{21876864-E497-4F83-987D-D7D01EAAFBCC}.Debug|Win32.ActiveCfg = Debug|Win32
		{21876864-E497-4F83-987D-D7D01EAAFBCC}.Debug|Win32.Build.0 = Debug|Win32
		{21876864-E497-4F83-987D-D7D01EAAFBCC}.Release|Win32.ActiveCfg = Release|Win32
		{21876864-E497-4F83-987D-D7D01EAAFBCC}.Release|Win32.Build.0 = Release|Win32
		{B8810E02-995E-4027-908B-3A0426876AB3}.Debug|Win32.ActiveCfg = Debug|Win32
		{B8810E02-995E-4027-908B-3A0426876AB3}.Debug|Win32.Build.0 = Debug|Win32
		{B8810E02-995E-4027-908B-3A0426876AB3}.Release|Win32.ActiveCfg = Release|Win32
		{B8810E02-995E-4027-908B-3A0426876AB3}.Release|Win32.Build.0 = Release|Win32
		{C91F72ED-A17B-4DF5-84EC-7318EAE01BE4}.Debug|Win32.ActiveCfg = Debug|Win32
		{C91F72ED-A17B-4DF5-84EC-7318EAE01BE4}.Debug|Win32.Build.0 = Debug|Win32
		{C91F72ED-A17B-4DF5-84EC-7318EAE01BE4}.Release|Win32.ActiveCfg = Release|Win32
		{C91F72ED-A17B-4DF5-84EC-7318EAE01BE4}.Release|Win32.Build.0 = Release|Win32
		{77C04CA8-7C92-4026-9F5A-25F6D3AE9836}.Debug|Win32.ActiveCfg = Debug|Win32
		{77C04CA8-7C92-4026-9F5A-25F6D3AE9836}.Debug|Win32.Build.0 = Debug|Win32
		{77C04CA8-7C92-4026-9F5A-25F6D3AE9836}.Release|Win32.ActiveCfg = Release|Win32
		{77C04CA8-7C92-4026-9F5A-25F6D3AE9836}.Release|Win32.Build.0 = Release|Win32
		{DAA4B529-52BD-4F55-8C77-7024DD1D9549}.Debug|Win32.ActiveCfg = Debug|Win32
		{DAA4B529-52BD-4F55-8C77-7024DD1D9549}.Debug|Win32.Build.0 = Debug|Win32
		{DAA4B529-52BD-4F55-8C77-7024DD1D9549}.Release|Win32.ActiveCfg = Release|Win32
		{DAA4B529-52BD-4F55-8C77-7024DD1D9549}.Release|Win32.Build.0 = Release|Win32
		{FBC4A4C8-AF42-4E92-80F1-56BD3996BFDC}.Debug|Win32.ActiveCfg = Debug|Win32
		{FBC4A4C8-AF42-4E92-80F1-56BD3996BFDC}.Debug|Win32.Build.0 = Debug|Win32
		{FBC4A4C8-AF42-4E92-80F1-56BD3996BFDC}.Release|Win32.ActiveCfg = Release|Win32
		{FBC4A4C8-AF42-4E92-80F1-56BD3996BFDC}.Release|Win32.Build.0 = Release|Win32
		{0243E018-DB4F-4237-8FA1-9FFB5D6D9BC1}.Debug|Win32.ActiveCfg = Debug|Win32
		{0243E018-DB4F-4237-8FA1-9FFB5D6D9BC1}.Debug|Win32.Build.0 = Debug|Win32
		{0243E018-DB4F-4237-8FA1-9FFB5D6D9BC1}.Release|Win32.ActiveCfg = Release|Win32
		{0243E018-DB4F-4237-8FA1-9FFB5D6D9BC1}.Release|Win32.Build.0 = Release|Win32
		{7B42819D-2922-4BCB-821B-83A2D738B005}.Debug|Win32.ActiveCfg = Debug|Win32
		{7B42819D-2922-4BCB-821B-83A2D738B005}.Debug|Win32.Build.0 = Debug|Win32
		{7B42819D-2922-4BCB-821B-83A2D738B005}.Release|Win32.ActiveCfg = Release|Win32
		{7B42819D-2922-4BCB-821B-83A2D738B005}.Release|Win32.Build.0 = Release|Win32
		{375CC923-1CC2-4013-BAD9-A9061DDAE509}.Debug|Win32.ActiveCfg = Debug|Win32
		{375CC923-1CC2-4013-BAD9-A9061DDAE509}.Debug|Win32.Build.0 = Debug|Win32
		{375CC923-1CC2-4013-BAD9-A9061DDAE509}.Release|Win32.ActiveCfg = Release|Win32
		{375CC923-1CC2-4013-BAD9-A9061DDAE509}.Release|Win32.Build.0 = Release|Win32
		{04B3A26E-1ED4-49D1-AAA0-8EA4618EFB0B}.Debug|Win32.ActiveCfg = Debug|Win32
		{04B3A26E-1ED4-49D1-AAA0-8EA4618EFB0B}.Debug|Win32.Build.0 = Debug|Win32
		{04B3A26E-1ED4-49D1-AAA0-8EA4618EFB0B}.Release|Win32.ActiveCfg = Release|Win32
		{04B3A26E-1ED4-49D1-AAA0-8EA4618EFB0B}.Release|Win32.Build.0 = Release|Win32
		{7A56102B-1F63-4BF1-8AEE-8B3955462E87}.Debug|Win32.ActiveCfg = Debug|Win32
		{7A56102B-1F63-4BF1-8AEE-8B3955462E87}.Debug|Win32.Build.0 = Debug|Win32
		{7A56102B-1F63-4BF1-8AEE-8B3955462E87}.Release|Win32.ActiveCfg = Release|Win32
		{7A56102B-1F63-4BF1-8AEE-8B3955462E87}.Release|Win32.Build.0 = Release|Win32
		{146CB159-3177-4F4B-837B-DDD03380B482}.Debug|Win32.ActiveCfg = Debug|Win32
		{146CB159-3177-4F4B-837B-DDD03380B482}.Debug|Win32.Build.0 = Debug|Win32
		{146CB159-3177-4F4B-837B-DDD03380B482}.Release|Win32.ActiveCfg = Release|Win32
		{146CB159-3177-4F4B-837B-DDD03380B482}.Release|Win32.Build.0 = Release|Win32
		{70462B03-ED1C-4EBA-838A-FD7E7D6D267C}.Debug|Win32.ActiveCfg = Debug|Win32
		{70462B03-ED1C-4EBA-838A-FD7E7D6D267C}.Debug|Win32.Build.0 = Debug|Win32
		{70462B03-ED1C-4EBA-838A-FD7E7D6D267C}.Release|Win32.ActiveCfg = Release|Win32
		{70462B03-ED1C-4EBA-838A-FD7E7D6D267C}.Release|Win32.Build.0 = Release|Win32
		{62D6B09C-0BE2-4643-86A5-DC31DFEC67F6}.Debug|Win32.ActiveCfg = Debug|Win32
		{62D6B09C-0BE2-4643-86A5-DC31DFEC67F6}.Debug|Win32.Build.0 = Debug|Win32
		{62D6B09C-0BE2-4643-86A5-DC31DFEC67F6}.Release|Win32.ActiveCfg = Release|Win32
		{62D6B09C-0BE2-4643-86A5-DC31DFEC67F6}.Release|Win32.Build.0 = Release|Win32
		{B63215A0-3CA1-4D73-967D-BE244F8938DE}.Debug|Win32.ActiveCfg = Debug|Win32
		{B63215A0-3CA1-4D73-967D-BE244F8938DE}.Debug|Win32.Build.0 = Debug|Win32
		{B63215A0-3CA1-4D73-967D-BE244F8938DE}.Release|Win32.ActiveCfg = Release|Win32
		{B63215A0-3CA1-4D73-967D-BE244F8938DE}.Release|Win32.Build.0 = Release|Win32
		{8B195135-95B7-46C4-A26E-9D40AD4C80CE}.Debug|Win32.ActiveCfg = Debug|Win32
		{8B195135-95B7-46C4-A26E-9D40AD4C80CE}.Debug|Win32.Build.0 = Debug|Win32
		{8B195135-95B7-46C4-A26E-9D40AD4C80CE}.Release|Win32.ActiveCfg = Release|Win32
		{8B195135-95B7-46C4-A26E-9D40AD4C80CE}.Release|Win32.Build.0 = Release|Win32
		{50D4D260-E1A2-40B9-97CD-CE49960CB327}.Debug|Win32.ActiveCfg = Debug|Win32
		{50D4D260-E1A2-40B9-97CD-CE49960CB327}.Debug|Win32.Build.0 = Debug|Win32
		{50D4D260-E1A2-40B9-97CD-CE49960CB327}.Release|Win32.ActiveCfg = Release|Win32
		{50D4D260-E1A2-40B9-97CD-CE49960CB327}.Release|Win32.Build.0 = Release|Win32
		{7772BB5F-E669-4291-8B17-8FCDFDFC6A27}.Debug|Win32.ActiveCfg = Debug|Win32
		{7772BB5F-E669-4291-8B17-8FCDFDFC6A27}.Debug|Win32.Build.0 = Debug|Win32
		{7772BB5F-E669-4291-8B17-8FCDFDFC6A27}.Release|Win32.ActiveCfg = Release|Win32
		{7772BB5F-E669-4291-8B17-8FCDFDFC6A27}.Release|Win32.Build.0 = Release|Win32
		{24BA340C-DED4-4377-9E38-3ACAF3AEBF16}.Debug|Win32.ActiveCfg = Debug|Win32
		{24BA340C-DED4-4377-9E38-3ACAF3AEBF16}.Debug|Win32.Build.0 = Debug|Win32
		{24BA340C-DED4-4377-9E38-3ACAF3AEBF16}.Release|Win32.ActiveCfg = Release|Win32
		{24BA340C-DED4-4377-9E38-3ACAF3AEBF16}.Release|Win32.Build.0 = Release|Win32
		{90307BAB-2175-47F8-AB61-60679F65B630}.Debug|Win32.ActiveCfg = Debug|Win32
		{90307BAB-2175-47F8-AB61-60679F65B630}.Debug|Win32.Build.0 = Debug|Win32
		{90307BAB-2175-47F8-AB61-60679F65B630}.Release|Win32.ActiveCfg = Release|Win32
		{90307BAB-2175-47F8-AB61-60679F65B630}.Release|Win32.Build.0 = Release|Win32
	EndGlobalSection
	GlobalSection(SolutionProperties) = preSolution
		HideSolutionNode = FALSE
	EndGlobalSection
EndGlobal
